{
  "version": 4,
  "terraform_version": "1.13.3",
  "serial": 962,
  "lineage": "0cc34586-f397-34d5-ac8d-c0f180e71cb9",
  "outputs": {
    "alb_dns": {
      "value": "nancy-blog-alb-dev-1636963560.us-east-1.elb.amazonaws.com",
      "type": "string"
    },
    "blog_asg_arn": {
      "value": "arn:aws:autoscaling:us-east-1:083587468058:autoScalingGroup:0012539c-36a1-4aad-9ee0-45cb78b8459d:autoScalingGroupName/nancy-blog-asg-dev",
      "type": "string"
    },
    "blog_asg_desired_capacity": {
      "value": 1,
      "type": "number"
    },
    "blog_asg_name": {
      "value": "nancy-blog-asg-dev",
      "type": "string"
    },
    "blog_db_endpoint": {
      "value": "nancy-blog-db-dev-5f87b55d.c8x2s4kiedw0.us-east-1.rds.amazonaws.com:3306",
      "type": "string"
    },
    "blog_db_identifier": {
      "value": "db-T22ZJZFXYVGMMBQ3IVU3WSELQI",
      "type": "string"
    },
    "blog_key_pair_name": {
      "value": "nancy-blog-key-dev",
      "type": "string"
    },
    "blog_key_private_pem": {
      "value": "-----BEGIN RSA PRIVATE KEY-----\nMIIJKAIBAAKCAgEAzWMd3nquFNhb2JZ30h7l9bXThyZ98gPKFx0bXSVRoyJFR1tB\nzQxqPlcGNK6K084rOsSgLiKIl2Bj+drxmy5sP4k/mmzwV12SM2Eh12q29y1mnu/d\nQEH8m4tYXj/o4nRR2LiqemExjLqF8xCNfrQ7OmbBQOwUvFyJvo50aCwjJQeVq0L7\no9X/FtiKgjx4AdZFcqiEFhmIBs9aM7iDxf21rk2OczC8eZsS7XQDrr63Pih38MzE\npPVIhcqDSgmB48yuQ5kJYsTcMzzVZhA8IVKsbsVe1pgzZSfxp8+cAWUIusU7CpRN\naD1QaQFR2SKQtZrdMrmGNcYcBzjFfNcOdbEkZVIzWcMwvKk1+NjULXa746F617Rw\njidgNhoH1JF2ZzXUOCkap9dT/Bo0MpTP1tOwSXa2BHQ1qKI/bObz8a9E9FMzNP+A\nkJ3k253ZvvSSpbj9qf06jkvFPNfFPHzuXmm2VQ9fRZfA+ZqfiA/q2d0o74p6Lwgs\noQ/SGeFPgi6PRFqgcQz2t8HMQbcfBJz0BLpN8jKjqdZxOmtRNlN8qEE9Na4gg4mA\nUgvIHXvo7FfH23TVQTgkBpBzTLt0vsQwBLNHkYElmQyTlOa8VdQMc8Vo/u6pPg+t\nz1p8yzbMhQkRQLwc+Ns6p13swqfhllZfjxv8QDUAlfjsRS7JJRhK9i8RVqkCAwEA\nAQKCAgAOY0YhYri1Lx7oAkpshsuXNeCWlCS4gnlyuxBCqy2X3vu5bvQiGB+NNG1z\n3VJOWh//Iu0RrkuhRxhZ1XOdalgc71FsUPtZM23deY10WL5ufFi3A5idOsImZ1GO\ncK2wx3NAWlde8VYWRK7Dg0JWQOvxQGeDU8Z0F4tytOoErircGjbq42tbY89V21+A\nlhnWDxuYV6PBJJK532azPtbEVOyYREiZWy2o2ystRTZI1IVjrlQQo1eXMrOc473k\nvtvBiIIgrCTTLXU7haRxXOvJbdA0hlEJeWoISQ8NsWZ9VoWRB+YF7LOrfLgYUwZX\nzqsSfcHHHuX++FzYSKrU/v+9UOZ6rkHSYRZlpX2HykmkxX3mZwpG1RJulO8b5VBy\nqE/u9yQ5kfWKCHSXeh+errFCkjrSou8rXrj6L7VsuCEDMMePsu43aHEqxP6LrPw9\nwYW3kbE/8I8gQB5R7bqPqwnPUQqBrB8Ez923QZpTic/PhVnkM7xu+7akxiTYpDdh\nMfhWoiP1q3oEyIQthc7xPQ9UJY6XWZx+dF+fnPXcpp3H/hAdaJIDZ6SZPWN8FyBC\nF8pQwFQ7iCWwSlpOXOPJYeKoWPmCTACK6aqzJk7lFC3EBUBqiON2RHv0xSYt8Z7c\nS+FUbKruTGDbdY5IEbZDZ1wC23dZSu+tqVkXB+gvw/PaXmLHvQKCAQEA/4W5Nr6z\nRT0p2TgSqox7rGJuXaqHhfrNQJLHqHMFH2y7oSHQFbuoe5jTjP0vJqmnDVbYRkhS\nC0Muq9n2HzDEqziCiC6ewZozFgl6lQ3KxxKBWj3NcS9XwukQbvKSuBB/3NWUgRzq\n+MeIdQ2eP1mEKMv8+rpI7GVs8aTa4uRU6hxG7cwbdWv/RfnofYWkZY5IWF5Gyr4t\nzmvJn4SFbgrV8/vuO+bCP8QgJh4yaUxp4BejTTyb8YQMFFyjLI/Oihtnw9+hkypO\nmBrlqCkQb0wsiRVSeZrCGHzounhYmBDvoUUkk3bCkMM1GtBE3mrRRyBjHREdHYaG\ndf9WN0zEa2cBKwKCAQEAzcVm1zvZ/+0jiu7Z4kjzXSnteUZoXAvd0CA9Nn0J7L1u\nPvl05EypkEVXpxSM09BUlRl0Op8N80q7KTeS91zRAHomBcIRoqw0A/+fcchD+fVT\n6wb34GidM9YEJuHYzl/slQeMda8z3OsPmckHW+7ky2yUhMvs69oJDOJkTomcuAZg\nsA01uTlkSjKZ+dEBp5/ifqn5/7TVmYYmeQ+waVsb8GAGr1ljE71sxJHy+P+RVDnO\nEvvph/vCSWgqcW1YI9PSccgP/18Un5fv6pm3Xh4sCz6nDwIWD+3B0hm9i/RsNHk0\nSLRYbWEAJAz2YC23q86bHK1ACOmZau72oQAShlHVewKCAQEA/17L/nSUggxguKEb\ntqt0JpKxLpdxnmtLms+XDzj007U9yAodBrtn5S6VrwCSkRdYxzIWMBezN2JLUKEj\nI4T/6QcvHZ9KNr8/czTB+BmyoUZTVLcTjZz9HuUC8X8pNx/2SeSC6I7YHw57yFB1\n6WYzePp1uLdYjjnHqbFSuRPt8ZOVJ6+nebEXjP34ZwqbhIuwrfB628E50mVTOkOd\nfp8BuTf9now/cq82WiIvy6D852N4Z4a9a6DG2crDoZOPneNJzy6/Mm9D4SxwfaGc\ntT7x+4b9yF7swMCFb2c7U68JbqnFpkM4rKkLd+LSEV+8DFPH+pLSAGIkG+W2asok\nPBrTxQKCAQBknfgRmtSYTi6pCu5DtgQ6M/xI5uK0z6Cg2oLUGAQ4XNCBvp0n3Uy0\nnROlQWkzUZVqas3otEmwA4TNPL2Cc0JHh3L8Mc9JygaNRfuDObfzi8CDFh8y/jSQ\nWkAheyH2l/UpUk2eZhNoHRC91AzjKUd7KRbecJDjKvRt9m2x8ZxOZ9/zdiIk9ilS\nFrgv7cFvY8DuytLR9GzV60D4xXEvsztQKMRcDctipad/3xX+J4m6s6FOqxugQLza\nBDNsz1jf+/3VYUxhRO7isvq/rnZ5cSt8PCCYOB7tnwa9Y5TJ0LTwW6vzOSxcH6hf\n+G6ozPIY8qfqN9UuBnvcTAkQ5OYqA+3tAoIBACla6nirPKUs1NoXh/jkdu6DGQcL\nomVR/UJtzisC4FOjPIuKIheJSPcK9gNEQszkRrTD9K7q71gbi6mfKTc+ZGZTUbL+\nGGDVAh7LZdc2xhIQMyu7togHsiDu7cU0RndYQ4DxRdFgUGLFrONJe8q0SFkYAIo5\nPhJcf5S+DolYglaqThfs0So2oRg708bOTJSZfXW/6eZPFwbmbTFX7qJiDbnw+MDv\nzmNfnxFRkq5zyfOPMvgZx0E/P2hoFnSx+xeeQYTOB+rSfyM4vSQ8ulVKrefu2mt5\nOqzm1aS0IZaegbGQhvXN+OtMQnJlQeXjLb63MP6pk13i2rQd024CvxjWxVw=\n-----END RSA PRIVATE KEY-----\n",
      "type": "string",
      "sensitive": true
    },
    "efs_id": {
      "value": "fs-0e69610c06d3b538e",
      "type": "string"
    }
  },
  "resources": [
    {
      "mode": "data",
      "type": "aws_ami",
      "name": "blog_ami",
      "provider": "provider[\"registry.terraform.io/hashicorp/aws\"]",
      "instances": [
        {
          "schema_version": 0,
          "attributes": {
            "architecture": "x86_64",
            "arn": "arn:aws:ec2:us-east-1::image/ami-08fa3ed5577079e64",
            "block_device_mappings": [
              {
                "device_name": "/dev/xvda",
                "ebs": {
                  "delete_on_termination": "true",
                  "encrypted": "false",
                  "iops": "3000",
                  "snapshot_id": "snap-00ab232ebe3af4034",
                  "throughput": "125",
                  "volume_initialization_rate": "0",
                  "volume_size": "30",
                  "volume_type": "gp3"
                },
                "no_device": "",
                "virtual_name": ""
              }
            ],
            "boot_mode": "uefi-preferred",
            "creation_date": "2025-11-20T01:19:27.000Z",
            "deprecation_time": "2027-11-20T01:19:27.000Z",
            "description": "Amazon Linux AMI 2023.0.20251119 x86_64 ECS HVM EBS",
            "ena_support": true,
            "executable_users": null,
            "filter": [
              {
                "name": "architecture",
                "values": [
                  "x86_64"
                ]
              },
              {
                "name": "name",
                "values": [
                  "al2023-ami-*-kernel-6.1-x86_64"
                ]
              }
            ],
            "hypervisor": "xen",
            "id": "ami-08fa3ed5577079e64",
            "image_id": "ami-08fa3ed5577079e64",
            "image_location": "amazon/al2023-ami-ecs-hvm-2023.0.20251119-kernel-6.1-x86_64",
            "image_owner_alias": "amazon",
            "image_type": "machine",
            "imds_support": "v2.0",
            "include_deprecated": false,
            "kernel_id": "",
            "last_launched_time": "",
            "most_recent": true,
            "name": "al2023-ami-ecs-hvm-2023.0.20251119-kernel-6.1-x86_64",
            "name_regex": null,
            "owner_id": "591542846629",
            "owners": [
              "amazon"
            ],
            "platform": "",
            "platform_details": "Linux/UNIX",
            "product_codes": [],
            "public": true,
            "ramdisk_id": "",
            "root_device_name": "/dev/xvda",
            "root_device_type": "ebs",
            "root_snapshot_id": "snap-00ab232ebe3af4034",
            "sriov_net_support": "simple",
            "state": "available",
            "state_reason": {
              "code": "UNSET",
              "message": "UNSET"
            },
            "tags": {},
            "timeouts": null,
            "tpm_support": "",
            "uefi_data": null,
            "usage_operation": "RunInstances",
            "virtualization_type": "hvm"
          },
          "sensitive_attributes": [],
          "identity_schema_version": 0
        }
      ]
    },
    {
      "mode": "data",
      "type": "aws_availability_zones",
      "name": "available",
      "provider": "provider[\"registry.terraform.io/hashicorp/aws\"]",
      "instances": [
        {
          "schema_version": 0,
          "attributes": {
            "all_availability_zones": null,
            "exclude_names": null,
            "exclude_zone_ids": null,
            "filter": null,
            "group_names": [
              "us-east-1-zg-1"
            ],
            "id": "us-east-1",
            "names": [
              "us-east-1a",
              "us-east-1b",
              "us-east-1c",
              "us-east-1d",
              "us-east-1e",
              "us-east-1f"
            ],
            "state": "available",
            "timeouts": null,
            "zone_ids": [
              "use1-az4",
              "use1-az6",
              "use1-az1",
              "use1-az2",
              "use1-az3",
              "use1-az5"
            ]
          },
          "sensitive_attributes": [],
          "identity_schema_version": 0
        }
      ]
    },
    {
      "mode": "data",
      "type": "aws_caller_identity",
      "name": "current",
      "provider": "provider[\"registry.terraform.io/hashicorp/aws\"]",
      "instances": [
        {
          "schema_version": 0,
          "attributes": {
            "account_id": "083587468058",
            "arn": "arn:aws:sts::083587468058:assumed-role/Engineer/terraform-blog-dev-session",
            "id": "083587468058",
            "user_id": "AROARG5RTRMNHXBHM5BNC:terraform-blog-dev-session"
          },
          "sensitive_attributes": [],
          "identity_schema_version": 0
        }
      ]
    },
    {
      "mode": "data",
      "type": "aws_region",
      "name": "current",
      "provider": "provider[\"registry.terraform.io/hashicorp/aws\"]",
      "instances": [
        {
          "schema_version": 0,
          "attributes": {
            "description": "US East (N. Virginia)",
            "endpoint": "ec2.us-east-1.amazonaws.com",
            "id": "us-east-1",
            "name": "us-east-1"
          },
          "sensitive_attributes": [],
          "identity_schema_version": 0
        }
      ]
    },
    {
      "mode": "data",
      "type": "aws_route53_zone",
      "name": "blog",
      "provider": "provider[\"registry.terraform.io/hashicorp/aws\"]",
      "instances": [
        {
          "schema_version": 0,
          "attributes": {
            "arn": "arn:aws:route53:::hostedzone/Z074704322JFUBDW5LSEH",
            "caller_reference": "fcd54e12-e867-4d77-9317-31168b607837",
            "comment": "",
            "id": "Z074704322JFUBDW5LSEH",
            "linked_service_description": null,
            "linked_service_principal": null,
            "name": "nancy-stack.com",
            "name_servers": [
              "ns-1967.awsdns-53.co.uk",
              "ns-538.awsdns-03.net",
              "ns-292.awsdns-36.com",
              "ns-1182.awsdns-19.org"
            ],
            "primary_name_server": "ns-1967.awsdns-53.co.uk",
            "private_zone": false,
            "resource_record_set_count": 3,
            "tags": {},
            "vpc_id": null,
            "zone_id": "Z074704322JFUBDW5LSEH"
          },
          "sensitive_attributes": [],
          "identity_schema_version": 0
        }
      ]
    },
    {
      "mode": "managed",
      "type": "aws_autoscaling_group",
      "name": "blog_asg",
      "provider": "provider[\"registry.terraform.io/hashicorp/aws\"]",
      "instances": [
        {
          "schema_version": 1,
          "attributes": {
            "arn": "arn:aws:autoscaling:us-east-1:083587468058:autoScalingGroup:0012539c-36a1-4aad-9ee0-45cb78b8459d:autoScalingGroupName/nancy-blog-asg-dev",
            "availability_zone_distribution": [
              {
                "capacity_distribution_strategy": "balanced-best-effort"
              }
            ],
            "availability_zones": [
              "us-east-1a",
              "us-east-1b"
            ],
            "capacity_rebalance": false,
            "capacity_reservation_specification": [
              {
                "capacity_reservation_preference": "default",
                "capacity_reservation_target": []
              }
            ],
            "context": "",
            "default_cooldown": 300,
            "default_instance_warmup": 0,
            "desired_capacity": 1,
            "desired_capacity_type": "",
            "enabled_metrics": null,
            "force_delete": false,
            "force_delete_warm_pool": false,
            "health_check_grace_period": 2400,
            "health_check_type": "ELB",
            "id": "nancy-blog-asg-dev",
            "ignore_failed_scaling_activities": false,
            "initial_lifecycle_hook": [],
            "instance_maintenance_policy": [],
            "instance_refresh": [],
            "launch_configuration": "",
            "launch_template": [
              {
                "id": "lt-0b8839a095a13d1a9",
                "name": "nancy-blog-lt-dev-2025120415233485530000000a",
                "version": "$Latest"
              }
            ],
            "load_balancers": [],
            "max_instance_lifetime": 0,
            "max_size": 1,
            "metrics_granularity": "1Minute",
            "min_elb_capacity": null,
            "min_size": 1,
            "mixed_instances_policy": [],
            "name": "nancy-blog-asg-dev",
            "name_prefix": "",
            "placement_group": "",
            "predicted_capacity": 0,
            "protect_from_scale_in": false,
            "service_linked_role_arn": "arn:aws:iam::083587468058:role/aws-service-role/autoscaling.amazonaws.com/AWSServiceRoleForAutoScaling",
            "suspended_processes": null,
            "tag": [
              {
                "key": "Name",
                "propagate_at_launch": true,
                "value": "nancy-blog-ec2-dev"
              }
            ],
            "target_group_arns": [
              "arn:aws:elasticloadbalancing:us-east-1:083587468058:targetgroup/nancy-blog-tg-dev/e040a04f82fae705"
            ],
            "termination_policies": null,
            "timeouts": null,
            "traffic_source": [
              {
                "identifier": "arn:aws:elasticloadbalancing:us-east-1:083587468058:targetgroup/nancy-blog-tg-dev/e040a04f82fae705",
                "type": "elbv2"
              }
            ],
            "vpc_zone_identifier": [
              "subnet-028383b55cb27dbae",
              "subnet-0d9c16d029d6a3d68"
            ],
            "wait_for_capacity_timeout": "10m",
            "wait_for_elb_capacity": null,
            "warm_pool": [],
            "warm_pool_size": 0
          },
          "sensitive_attributes": [],
          "identity_schema_version": 0,
          "private": "eyJlMmJmYjczMC1lY2FhLTExZTYtOGY4OC0zNDM2M2JjN2M0YzAiOnsiZGVsZXRlIjo2MDAwMDAwMDAwMDAsInVwZGF0ZSI6NjAwMDAwMDAwMDAwfSwic2NoZW1hX3ZlcnNpb24iOiIxIn0=",
          "dependencies": [
            "aws_db_instance.nancy_blog_db",
            "aws_db_subnet_group.blog_db_subnet_group",
            "aws_efs_file_system.blog_efs",
            "aws_iam_instance_profile.ec2_access_profile",
            "aws_iam_role.ec2_access_role",
            "aws_key_pair.blog_key",
            "aws_launch_template.blog_lt",
            "aws_lb.blog_alb",
            "aws_lb_target_group.blog_tg",
            "aws_security_group.blog_sg",
            "aws_subnet.blog_private_subnet",
            "aws_subnet.blog_public_subnet",
            "aws_vpc.blog_vpc",
            "data.aws_ami.blog_ami",
            "data.aws_availability_zones.available",
            "data.aws_subnets.blog_public_subnets",
            "data.aws_vpc.blog_vpc",
            "random_id.blog_db_suffix",
            "tls_private_key.blog_key"
          ],
          "create_before_destroy": true
        }
      ]
    },
    {
      "mode": "managed",
      "type": "aws_db_instance",
      "name": "nancy_blog_db",
      "provider": "provider[\"registry.terraform.io/hashicorp/aws\"]",
      "instances": [
        {
          "schema_version": 2,
          "attributes": {
            "address": "nancy-blog-db-dev-5f87b55d.c8x2s4kiedw0.us-east-1.rds.amazonaws.com",
            "allocated_storage": 20,
            "allow_major_version_upgrade": null,
            "apply_immediately": true,
            "arn": "arn:aws:rds:us-east-1:083587468058:db:nancy-blog-db-dev-5f87b55d",
            "auto_minor_version_upgrade": true,
            "availability_zone": "us-east-1a",
            "backup_retention_period": 1,
            "backup_target": "region",
            "backup_window": "09:29-09:59",
            "blue_green_update": [],
            "ca_cert_identifier": "rds-ca-rsa2048-g1",
            "character_set_name": "",
            "copy_tags_to_snapshot": false,
            "custom_iam_instance_profile": "",
            "customer_owned_ip_enabled": false,
            "database_insights_mode": "standard",
            "db_name": "wordpress",
            "db_subnet_group_name": "blog-db-subnet-group-dev",
            "dedicated_log_volume": false,
            "delete_automated_backups": true,
            "deletion_protection": false,
            "domain": "",
            "domain_auth_secret_arn": "",
            "domain_dns_ips": null,
            "domain_fqdn": "",
            "domain_iam_role_name": "",
            "domain_ou": "",
            "enabled_cloudwatch_logs_exports": null,
            "endpoint": "nancy-blog-db-dev-5f87b55d.c8x2s4kiedw0.us-east-1.rds.amazonaws.com:3306",
            "engine": "mysql",
            "engine_lifecycle_support": "open-source-rds-extended-support",
            "engine_version": "8.4.6",
            "engine_version_actual": "8.4.6",
            "final_snapshot_identifier": null,
            "hosted_zone_id": "Z2R2ITUGPM61AM",
            "iam_database_authentication_enabled": false,
            "id": "db-T22ZJZFXYVGMMBQ3IVU3WSELQI",
            "identifier": "nancy-blog-db-dev-5f87b55d",
            "identifier_prefix": "",
            "instance_class": "db.t4g.micro",
            "iops": 0,
            "kms_key_id": "arn:aws:kms:us-east-1:083587468058:key/17387bf8-9a65-4bbf-a424-febbe71be985",
            "latest_restorable_time": "2025-12-04T15:20:00Z",
            "license_model": "general-public-license",
            "listener_endpoint": [],
            "maintenance_window": "wed:07:35-wed:08:05",
            "manage_master_user_password": null,
            "master_user_secret": [],
            "master_user_secret_kms_key_id": null,
            "max_allocated_storage": 0,
            "monitoring_interval": 0,
            "monitoring_role_arn": "",
            "multi_az": false,
            "nchar_character_set_name": "",
            "network_type": "IPV4",
            "option_group_name": "default:mysql-8-4",
            "parameter_group_name": "default.mysql8.4",
            "password": "Francoise123!",
            "password_wo": null,
            "password_wo_version": null,
            "performance_insights_enabled": false,
            "performance_insights_kms_key_id": "",
            "performance_insights_retention_period": 0,
            "port": 3306,
            "publicly_accessible": false,
            "replica_mode": "",
            "replicas": [],
            "replicate_source_db": "",
            "resource_id": "db-T22ZJZFXYVGMMBQ3IVU3WSELQI",
            "restore_to_point_in_time": [],
            "s3_import": [],
            "skip_final_snapshot": true,
            "snapshot_identifier": "arn:aws:rds:us-east-1:083587468058:snapshot:wordpressnancyclixx",
            "status": "available",
            "storage_encrypted": true,
            "storage_throughput": 0,
            "storage_type": "gp2",
            "tags": {
              "Application": "nancy-blog",
              "Environment": "dev",
              "Name": "nancy-blog-db-dev",
              "OwnerEmail": "nancytcheby@hotmail.com"
            },
            "tags_all": {
              "Application": "nancy-blog",
              "Environment": "dev",
              "Name": "nancy-blog-db-dev",
              "OwnerEmail": "nancytcheby@hotmail.com"
            },
            "timeouts": null,
            "timezone": "",
            "upgrade_storage_config": null,
            "username": "annetcheby",
            "vpc_security_group_ids": [
              "sg-05e65dcaeb2082af3"
            ]
          },
          "sensitive_attributes": [
            [
              {
                "type": "get_attr",
                "value": "password"
              }
            ],
            [
              {
                "type": "get_attr",
                "value": "password_wo"
              }
            ]
          ],
          "identity_schema_version": 0,
          "private": "eyJlMmJmYjczMC1lY2FhLTExZTYtOGY4OC0zNDM2M2JjN2M0YzAiOnsiY3JlYXRlIjozMDAwMDAwMDAwMDAwLCJkZWxldGUiOjM2MDAwMDAwMDAwMDAsInVwZGF0ZSI6NDgwMDAwMDAwMDAwMH0sInNjaGVtYV92ZXJzaW9uIjoiMiJ9",
          "dependencies": [
            "aws_db_subnet_group.blog_db_subnet_group",
            "aws_security_group.blog_sg",
            "aws_subnet.blog_private_subnet",
            "aws_vpc.blog_vpc",
            "data.aws_availability_zones.available",
            "data.aws_vpc.blog_vpc",
            "random_id.blog_db_suffix"
          ],
          "create_before_destroy": true
        }
      ]
    },
    {
      "mode": "managed",
      "type": "aws_db_subnet_group",
      "name": "blog_db_subnet_group",
      "provider": "provider[\"registry.terraform.io/hashicorp/aws\"]",
      "instances": [
        {
          "index_key": 0,
          "schema_version": 0,
          "attributes": {
            "arn": "arn:aws:rds:us-east-1:083587468058:subgrp:blog-db-subnet-group-dev",
            "description": "Managed by Terraform",
            "id": "blog-db-subnet-group-dev",
            "name": "blog-db-subnet-group-dev",
            "name_prefix": "",
            "subnet_ids": [
              "subnet-028383b55cb27dbae",
              "subnet-0d9c16d029d6a3d68"
            ],
            "supported_network_types": [
              "IPV4"
            ],
            "tags": {
              "Application": "nancy-blog",
              "Environment": "dev",
              "Name": "blog-db-subnet-group-dev",
              "OwnerEmail": "nancytcheby@hotmail.com",
              "Project": "nancy-blog"
            },
            "tags_all": {
              "Application": "nancy-blog",
              "Environment": "dev",
              "Name": "blog-db-subnet-group-dev",
              "OwnerEmail": "nancytcheby@hotmail.com",
              "Project": "nancy-blog"
            },
            "vpc_id": "vpc-0b66ce46d56910450"
          },
          "sensitive_attributes": [],
          "identity_schema_version": 0,
          "private": "bnVsbA==",
          "dependencies": [
            "aws_subnet.blog_private_subnet",
            "aws_vpc.blog_vpc",
            "data.aws_availability_zones.available"
          ],
          "create_before_destroy": true
        }
      ]
    },
    {
      "mode": "managed",
      "type": "aws_efs_file_system",
      "name": "blog_efs",
      "provider": "provider[\"registry.terraform.io/hashicorp/aws\"]",
      "instances": [
        {
          "schema_version": 0,
          "attributes": {
            "arn": "arn:aws:elasticfilesystem:us-east-1:083587468058:file-system/fs-0e69610c06d3b538e",
            "availability_zone_id": "",
            "availability_zone_name": "",
            "creation_token": "nancy-blog-efs-dev",
            "dns_name": "fs-0e69610c06d3b538e.efs.us-east-1.amazonaws.com",
            "encrypted": true,
            "id": "fs-0e69610c06d3b538e",
            "kms_key_id": "arn:aws:kms:us-east-1:083587468058:key/053bdd88-59e0-42ba-a7a3-bad25b7a6612",
            "lifecycle_policy": [
              {
                "transition_to_archive": "",
                "transition_to_ia": "AFTER_30_DAYS",
                "transition_to_primary_storage_class": ""
              }
            ],
            "name": "nancy-blog-efs-dev",
            "number_of_mount_targets": 0,
            "owner_id": "083587468058",
            "performance_mode": "generalPurpose",
            "protection": [
              {
                "replication_overwrite": "ENABLED"
              }
            ],
            "provisioned_throughput_in_mibps": 0,
            "size_in_bytes": [
              {
                "value": 6144,
                "value_in_ia": 0,
                "value_in_standard": 6144
              }
            ],
            "tags": {
              "Application": "nancy-blog",
              "Environment": "dev",
              "Name": "nancy-blog-efs-dev",
              "OwnerEmail": "nancytcheby@hotmail.com",
              "Project": "nancy-blog"
            },
            "tags_all": {
              "Application": "nancy-blog",
              "Environment": "dev",
              "Name": "nancy-blog-efs-dev",
              "OwnerEmail": "nancytcheby@hotmail.com",
              "Project": "nancy-blog"
            },
            "throughput_mode": "bursting"
          },
          "sensitive_attributes": [],
          "identity_schema_version": 0,
          "private": "bnVsbA==",
          "create_before_destroy": true
        }
      ]
    },
    {
      "mode": "managed",
      "type": "aws_efs_mount_target",
      "name": "blog_efs_mt",
      "provider": "provider[\"registry.terraform.io/hashicorp/aws\"]",
      "instances": [
        {
          "index_key": 0,
          "schema_version": 0,
          "attributes": {
            "availability_zone_id": "use1-az4",
            "availability_zone_name": "us-east-1a",
            "dns_name": "fs-0e69610c06d3b538e.efs.us-east-1.amazonaws.com",
            "file_system_arn": "arn:aws:elasticfilesystem:us-east-1:083587468058:file-system/fs-0e69610c06d3b538e",
            "file_system_id": "fs-0e69610c06d3b538e",
            "id": "fsmt-0168e54c508d5a1ab",
            "ip_address": "10.0.2.178",
            "mount_target_dns_name": "us-east-1a.fs-0e69610c06d3b538e.efs.us-east-1.amazonaws.com",
            "network_interface_id": "eni-0ddf1cebddfeb1610",
            "owner_id": "083587468058",
            "security_groups": [
              "sg-0e13a219727114d97"
            ],
            "subnet_id": "subnet-0d9c16d029d6a3d68",
            "timeouts": null
          },
          "sensitive_attributes": [],
          "identity_schema_version": 0,
          "private": "eyJlMmJmYjczMC1lY2FhLTExZTYtOGY4OC0zNDM2M2JjN2M0YzAiOnsiY3JlYXRlIjoxODAwMDAwMDAwMDAwLCJkZWxldGUiOjYwMDAwMDAwMDAwMH19",
          "dependencies": [
            "aws_efs_file_system.blog_efs",
            "aws_security_group.blog_efs_sg",
            "aws_security_group.blog_sg",
            "aws_subnet.blog_private_subnet",
            "aws_subnet.blog_public_subnet",
            "aws_vpc.blog_vpc",
            "data.aws_availability_zones.available",
            "data.aws_subnets.blog_public_subnets",
            "data.aws_vpc.blog_vpc"
          ],
          "create_before_destroy": true
        },
        {
          "index_key": 1,
          "schema_version": 0,
          "attributes": {
            "availability_zone_id": "use1-az6",
            "availability_zone_name": "us-east-1b",
            "dns_name": "fs-0e69610c06d3b538e.efs.us-east-1.amazonaws.com",
            "file_system_arn": "arn:aws:elasticfilesystem:us-east-1:083587468058:file-system/fs-0e69610c06d3b538e",
            "file_system_id": "fs-0e69610c06d3b538e",
            "id": "fsmt-09082b20d6a992afe",
            "ip_address": "10.0.3.75",
            "mount_target_dns_name": "us-east-1b.fs-0e69610c06d3b538e.efs.us-east-1.amazonaws.com",
            "network_interface_id": "eni-0d23b1b8882029b5c",
            "owner_id": "083587468058",
            "security_groups": [
              "sg-0e13a219727114d97"
            ],
            "subnet_id": "subnet-028383b55cb27dbae",
            "timeouts": null
          },
          "sensitive_attributes": [],
          "identity_schema_version": 0,
          "private": "eyJlMmJmYjczMC1lY2FhLTExZTYtOGY4OC0zNDM2M2JjN2M0YzAiOnsiY3JlYXRlIjoxODAwMDAwMDAwMDAwLCJkZWxldGUiOjYwMDAwMDAwMDAwMH19",
          "dependencies": [
            "aws_efs_file_system.blog_efs",
            "aws_security_group.blog_efs_sg",
            "aws_security_group.blog_sg",
            "aws_subnet.blog_private_subnet",
            "aws_subnet.blog_public_subnet",
            "aws_vpc.blog_vpc",
            "data.aws_availability_zones.available",
            "data.aws_subnets.blog_public_subnets",
            "data.aws_vpc.blog_vpc"
          ],
          "create_before_destroy": true
        }
      ]
    },
    {
      "mode": "managed",
      "type": "aws_eip",
      "name": "blog_nat_eip",
      "provider": "provider[\"registry.terraform.io/hashicorp/aws\"]",
      "instances": [
        {
          "index_key": 0,
          "schema_version": 0,
          "attributes": {
            "address": null,
            "allocation_id": "eipalloc-0f2eb4bb3c2d3c778",
            "arn": "arn:aws:ec2:us-east-1:083587468058:elastic-ip/eipalloc-0f2eb4bb3c2d3c778",
            "associate_with_private_ip": null,
            "association_id": "",
            "carrier_ip": "",
            "customer_owned_ip": "",
            "customer_owned_ipv4_pool": "",
            "domain": "vpc",
            "id": "eipalloc-0f2eb4bb3c2d3c778",
            "instance": "",
            "ipam_pool_id": null,
            "network_border_group": "us-east-1",
            "network_interface": "",
            "private_dns": null,
            "private_ip": "",
            "ptr_record": "",
            "public_dns": "ec2-67-202-10-146.compute-1.amazonaws.com",
            "public_ip": "67.202.10.146",
            "public_ipv4_pool": "amazon",
            "tags": {
              "Application": "nancy-blog",
              "Environment": "dev",
              "Name": "blog-nat-eip-dev",
              "OwnerEmail": "nancytcheby@hotmail.com",
              "Project": "nancy-blog"
            },
            "tags_all": {
              "Application": "nancy-blog",
              "Environment": "dev",
              "Name": "blog-nat-eip-dev",
              "OwnerEmail": "nancytcheby@hotmail.com",
              "Project": "nancy-blog"
            },
            "timeouts": null,
            "vpc": true
          },
          "sensitive_attributes": [],
          "identity_schema_version": 0,
          "private": "eyJlMmJmYjczMC1lY2FhLTExZTYtOGY4OC0zNDM2M2JjN2M0YzAiOnsiZGVsZXRlIjoxODAwMDAwMDAwMDAsInJlYWQiOjkwMDAwMDAwMDAwMCwidXBkYXRlIjozMDAwMDAwMDAwMDB9fQ==",
          "dependencies": [
            "aws_internet_gateway.blog_igw",
            "aws_vpc.blog_vpc"
          ]
        }
      ]
    },
    {
      "mode": "managed",
      "type": "aws_iam_instance_profile",
      "name": "ec2_access_profile",
      "provider": "provider[\"registry.terraform.io/hashicorp/aws\"]",
      "instances": [
        {
          "schema_version": 0,
          "attributes": {
            "arn": "arn:aws:iam::083587468058:instance-profile/EC2-Access-Profile-20251204151411137700000002",
            "create_date": "2025-12-04T15:14:11Z",
            "id": "EC2-Access-Profile-20251204151411137700000002",
            "name": "EC2-Access-Profile-20251204151411137700000002",
            "name_prefix": "EC2-Access-Profile-",
            "path": "/",
            "role": "EC2-Access-Role-20251204151410841900000001",
            "tags": {
              "Environment": "dev",
              "Name": "EC2-Access-Profile",
              "Project": "nancy-blog"
            },
            "tags_all": {
              "Environment": "dev",
              "Name": "EC2-Access-Profile",
              "Project": "nancy-blog"
            },
            "unique_id": "AIPARG5RTRMNCZODUOVLP"
          },
          "sensitive_attributes": [],
          "identity_schema_version": 0,
          "private": "bnVsbA==",
          "dependencies": [
            "aws_iam_role.ec2_access_role"
          ],
          "create_before_destroy": true
        }
      ]
    },
    {
      "mode": "managed",
      "type": "aws_iam_role",
      "name": "ec2_access_role",
      "provider": "provider[\"registry.terraform.io/hashicorp/aws\"]",
      "instances": [
        {
          "schema_version": 0,
          "attributes": {
            "arn": "arn:aws:iam::083587468058:role/EC2-Access-Role-20251204151410841900000001",
            "assume_role_policy": "{\"Statement\":[{\"Action\":\"sts:AssumeRole\",\"Effect\":\"Allow\",\"Principal\":{\"Service\":\"ec2.amazonaws.com\"}}],\"Version\":\"2012-10-17\"}",
            "create_date": "2025-12-04T15:14:10Z",
            "description": "",
            "force_detach_policies": false,
            "id": "EC2-Access-Role-20251204151410841900000001",
            "inline_policy": [],
            "managed_policy_arns": [],
            "max_session_duration": 3600,
            "name": "EC2-Access-Role-20251204151410841900000001",
            "name_prefix": "EC2-Access-Role-",
            "path": "/",
            "permissions_boundary": "",
            "tags": {
              "Environment": "dev",
              "Name": "EC2-Access-Role",
              "Project": "nancy-blog"
            },
            "tags_all": {
              "Environment": "dev",
              "Name": "EC2-Access-Role",
              "Project": "nancy-blog"
            },
            "unique_id": "AROARG5RTRMNKPOUAUIVS"
          },
          "sensitive_attributes": [],
          "identity_schema_version": 0,
          "private": "bnVsbA==",
          "create_before_destroy": true
        }
      ]
    },
    {
      "mode": "managed",
      "type": "aws_iam_role_policy",
      "name": "ec2_access_policy",
      "provider": "provider[\"registry.terraform.io/hashicorp/aws\"]",
      "instances": [
        {
          "schema_version": 0,
          "attributes": {
            "id": "EC2-Access-Role-20251204151410841900000001:EC2-Access-Policy-20251204151411137800000003",
            "name": "EC2-Access-Policy-20251204151411137800000003",
            "name_prefix": "EC2-Access-Policy-",
            "policy": "{\"Version\":\"2012-10-17\",\"Statement\":[{\"Action\":[\"ssm:GetParameter\",\"ssm:GetParameters\",\"ssm:GetParametersByPath\",\"ssm:PutParameter\",\"ssm:UpdateInstanceInformation\",\"ssm:SendCommand\",\"ssm:ListCommandInvocations\",\"ssm:DescribeInstanceInformation\",\"ssm:DescribeInstanceAssociations\",\"ssm:DescribeParameters\"],\"Effect\":\"Allow\",\"Resource\":\"*\"},{\"Action\":[\"ec2messages:*\",\"ssmmessages:*\"],\"Effect\":\"Allow\",\"Resource\":\"*\"},{\"Action\":[\"elasticfilesystem:DescribeFileSystems\",\"elasticfilesystem:DescribeMountTargets\",\"elasticfilesystem:DescribeAccessPoints\",\"elasticfilesystem:ClientMount\",\"elasticfilesystem:ClientWrite\",\"elasticfilesystem:ClientRootAccess\"],\"Effect\":\"Allow\",\"Resource\":\"*\"},{\"Action\":[\"rds:DescribeDBInstances\",\"rds:DescribeDBClusters\"],\"Effect\":\"Allow\",\"Resource\":\"*\"},{\"Action\":[\"ec2:DescribeInstances\",\"ec2:DescribeInstanceStatus\",\"ec2:DescribeVolumes\",\"ec2:DescribeSnapshots\"],\"Effect\":\"Allow\",\"Resource\":\"*\"},{\"Action\":[\"logs:CreateLogGroup\",\"logs:CreateLogStream\",\"logs:PutLogEvents\",\"logs:DescribeLogStreams\"],\"Effect\":\"Allow\",\"Resource\":\"*\"}]}",
            "role": "EC2-Access-Role-20251204151410841900000001"
          },
          "sensitive_attributes": [],
          "identity_schema_version": 0,
          "private": "bnVsbA==",
          "dependencies": [
            "aws_iam_role.ec2_access_role"
          ]
        }
      ]
    },
    {
      "mode": "managed",
      "type": "aws_iam_role_policy_attachment",
      "name": "cloudwatch_agent_server_policy",
      "provider": "provider[\"registry.terraform.io/hashicorp/aws\"]",
      "instances": [
        {
          "schema_version": 0,
          "attributes": {
            "id": "EC2-Access-Role-20251204151410841900000001-20251204151411254900000005",
            "policy_arn": "arn:aws:iam::aws:policy/CloudWatchAgentServerPolicy",
            "role": "EC2-Access-Role-20251204151410841900000001"
          },
          "sensitive_attributes": [],
          "identity_schema_version": 0,
          "private": "bnVsbA==",
          "dependencies": [
            "aws_iam_role.ec2_access_role"
          ]
        }
      ]
    },
    {
      "mode": "managed",
      "type": "aws_iam_role_policy_attachment",
      "name": "ssm_managed_instance_core",
      "provider": "provider[\"registry.terraform.io/hashicorp/aws\"]",
      "instances": [
        {
          "schema_version": 0,
          "attributes": {
            "id": "EC2-Access-Role-20251204151410841900000001-20251204151411210900000004",
            "policy_arn": "arn:aws:iam::aws:policy/AmazonSSMManagedInstanceCore",
            "role": "EC2-Access-Role-20251204151410841900000001"
          },
          "sensitive_attributes": [],
          "identity_schema_version": 0,
          "private": "bnVsbA==",
          "dependencies": [
            "aws_iam_role.ec2_access_role"
          ]
        }
      ]
    },
    {
      "mode": "managed",
      "type": "aws_internet_gateway",
      "name": "blog_igw",
      "provider": "provider[\"registry.terraform.io/hashicorp/aws\"]",
      "instances": [
        {
          "index_key": 0,
          "schema_version": 0,
          "attributes": {
            "arn": "arn:aws:ec2:us-east-1:083587468058:internet-gateway/igw-0db237b610547ee98",
            "id": "igw-0db237b610547ee98",
            "owner_id": "083587468058",
            "tags": {
              "Application": "nancy-blog",
              "Environment": "dev",
              "Name": "blog-igw-dev",
              "OwnerEmail": "nancytcheby@hotmail.com",
              "Project": "nancy-blog"
            },
            "tags_all": {
              "Application": "nancy-blog",
              "Environment": "dev",
              "Name": "blog-igw-dev",
              "OwnerEmail": "nancytcheby@hotmail.com",
              "Project": "nancy-blog"
            },
            "timeouts": null,
            "vpc_id": "vpc-0b66ce46d56910450"
          },
          "sensitive_attributes": [],
          "identity_schema_version": 0,
          "private": "eyJlMmJmYjczMC1lY2FhLTExZTYtOGY4OC0zNDM2M2JjN2M0YzAiOnsiY3JlYXRlIjoxMjAwMDAwMDAwMDAwLCJkZWxldGUiOjEyMDAwMDAwMDAwMDAsInVwZGF0ZSI6MTIwMDAwMDAwMDAwMH19",
          "dependencies": [
            "aws_vpc.blog_vpc"
          ]
        }
      ]
    },
    {
      "mode": "managed",
      "type": "aws_key_pair",
      "name": "blog_key",
      "provider": "provider[\"registry.terraform.io/hashicorp/aws\"]",
      "instances": [
        {
          "schema_version": 1,
          "attributes": {
            "arn": "arn:aws:ec2:us-east-1:083587468058:key-pair/nancy-blog-key-dev",
            "fingerprint": "29:77:e9:dd:d2:53:05:65:8b:4b:81:21:19:6b:df:12",
            "id": "nancy-blog-key-dev",
            "key_name": "nancy-blog-key-dev",
            "key_name_prefix": "",
            "key_pair_id": "key-0e2be6e2692d77edc",
            "key_type": "rsa",
            "public_key": "ssh-rsa AAAAB3NzaC1yc2EAAAADAQABAAACAQDNYx3eeq4U2FvYlnfSHuX1tdOHJn3yA8oXHRtdJVGjIkVHW0HNDGo+VwY0rorTzis6xKAuIoiXYGP52vGbLmw/iT+abPBXXZIzYSHXarb3LWae791AQfybi1heP+jidFHYuKp6YTGMuoXzEI1+tDs6ZsFA7BS8XIm+jnRoLCMlB5WrQvuj1f8W2IqCPHgB1kVyqIQWGYgGz1ozuIPF/bWuTY5zMLx5mxLtdAOuvrc+KHfwzMSk9UiFyoNKCYHjzK5DmQlixNwzPNVmEDwhUqxuxV7WmDNlJ/Gnz5wBZQi6xTsKlE1oPVBpAVHZIpC1mt0yuYY1xhwHOMV81w51sSRlUjNZwzC8qTX42NQtdrvjoXrXtHCOJ2A2GgfUkXZnNdQ4KRqn11P8GjQylM/W07BJdrYEdDWooj9s5vPxr0T0UzM0/4CQneTbndm+9JKluP2p/TqOS8U818U8fO5eabZVD19Fl8D5mp+ID+rZ3SjvinovCCyhD9IZ4U+CLo9EWqBxDPa3wcxBtx8EnPQEuk3yMqOp1nE6a1E2U3yoQT01riCDiYBSC8gde+jsV8fbdNVBOCQGkHNMu3S+xDAEs0eRgSWZDJOU5rxV1AxzxWj+7qk+D63PWnzLNsyFCRFAvBz42zqnXezCp+GWVl+PG/xANQCV+OxFLsklGEr2LxFWqQ==",
            "tags": {
              "Application": "nancy-blog",
              "Environment": "dev",
              "Name": "nancy-blog-key-dev",
              "OwnerEmail": "nancytcheby@hotmail.com"
            },
            "tags_all": {
              "Application": "nancy-blog",
              "Environment": "dev",
              "Name": "nancy-blog-key-dev",
              "OwnerEmail": "nancytcheby@hotmail.com"
            }
          },
          "sensitive_attributes": [],
          "identity_schema_version": 0,
          "private": "eyJzY2hlbWFfdmVyc2lvbiI6IjEifQ==",
          "dependencies": [
            "tls_private_key.blog_key"
          ],
          "create_before_destroy": true
        }
      ]
    },
    {
      "mode": "managed",
      "type": "aws_launch_template",
      "name": "blog_lt",
      "provider": "provider[\"registry.terraform.io/hashicorp/aws\"]",
      "instances": [
        {
          "schema_version": 0,
          "attributes": {
            "arn": "arn:aws:ec2:us-east-1:083587468058:launch-template/lt-0b8839a095a13d1a9",
            "block_device_mappings": [],
            "capacity_reservation_specification": [],
            "cpu_options": [],
            "credit_specification": [],
            "default_version": 1,
            "description": "",
            "disable_api_stop": false,
            "disable_api_termination": false,
            "ebs_optimized": "",
            "elastic_gpu_specifications": [],
            "elastic_inference_accelerator": [],
            "enclave_options": [],
            "hibernation_options": [],
            "iam_instance_profile": [
              {
                "arn": "",
                "name": "EC2-Access-Profile-20251204151411137700000002"
              }
            ],
            "id": "lt-0b8839a095a13d1a9",
            "image_id": "ami-08fa3ed5577079e64",
            "instance_initiated_shutdown_behavior": "",
            "instance_market_options": [],
            "instance_requirements": [],
            "instance_type": "t3.micro",
            "kernel_id": "",
            "key_name": "nancy-blog-key-dev",
            "latest_version": 1,
            "license_specification": [],
            "maintenance_options": [],
            "metadata_options": [],
            "monitoring": [],
            "name": "nancy-blog-lt-dev-2025120415233485530000000a",
            "name_prefix": "nancy-blog-lt-dev-",
            "network_interfaces": [],
            "placement": [],
            "private_dns_name_options": [],
            "ram_disk_id": "",
            "security_group_names": null,
            "tag_specifications": [
              {
                "resource_type": "instance",
                "tags": {
                  "Application": "nancy-blog",
                  "Environment": "dev",
                  "Name": "nancy-blog-ec2-dev",
                  "OwnerEmail": "nancytcheby@hotmail.com",
                  "Project": "nancy-blog"
                }
              }
            ],
            "tags": null,
            "tags_all": {},
            "update_default_version": null,
            "user_data": "IyEvYmluL2Jhc2gKc2V0IC1ldXhvIHBpcGVmYWlsCgojID09PT09IFZhcmlhYmxlcyBwYXNzZWQgZnJvbSBUZXJyYWZvcm0gPT09PT0KYXdzX3JlZ2lvbj0idXMtZWFzdC0xIgplZnNfaWQ9ImZzLTBlNjk2MTBjMDZkM2I1MzhlIgpsYl9kbnM9Im5hbmN5LWJsb2ctYWxiLWRldi0xNjM2OTYzNTYwLnVzLWVhc3QtMS5lbGIuYW1hem9uYXdzLmNvbSIKZGJfaG9zdD0ibmFuY3ktYmxvZy1kYi1kZXYtNWY4N2I1NWQuYzh4MnM0a2llZHcwLnVzLWVhc3QtMS5yZHMuYW1hem9uYXdzLmNvbSIKZGJfbmFtZT0id29yZHByZXNzIgpkYl91c2VyPSJhbm5ldGNoZWJ5IgpkYl9wYXNzPSJGcmFuY29pc2UxMjMhIgpCTE9HX0RPTUFJTj0iZGV2LmJsb2cubmFuY3ktc3RhY2suY29tIgoKUkVQT19VUkw9Imh0dHBzOi8vZ2l0aHViLmNvbS9uYW5jeXRjaGVieS9OYW5jeXMtQmxvZy5naXQiCgojID09PT09IFBhY2thZ2VzICYgc2VydmljZXMgPT09PT0KZG5mIC15IHVwZGF0ZQpkbmYgLXkgaW5zdGFsbCBnaXQgaHR0cGQgcGhwIHBocC1mcG0gcGhwLW15c3FsbmQgYW1hem9uLWVmcy11dGlscyBtYXJpYWRiMTA1CnN5c3RlbWN0bCBlbmFibGUgLS1ub3cgcGhwLWZwbSBodHRwZAoKIyBBcGFjaGUgYmFzaWNzCmVjaG8gJ0RpcmVjdG9yeUluZGV4IGluZGV4LnBocCBpbmRleC5odG1sJyA+IC9ldGMvaHR0cGQvY29uZi5kL2Rpci5jb25mCnNlZCAtaSAtRSAncy9eW1s6c3BhY2U6XV0qQWxsb3dPdmVycmlkZVtbOnNwYWNlOl1dK05vbmUvICAgIEFsbG93T3ZlcnJpZGUgQWxsLycgL2V0Yy9odHRwZC9jb25mL2h0dHBkLmNvbmYKCiMgU0VMaW51eCBhbGxvd2FuY2VzCnNldHNlYm9vbCAtUCBodHRwZF9jYW5fbmV0d29ya19jb25uZWN0IG9uIHx8IHRydWUKc2V0c2Vib29sIC1QIGh0dHBkX3VzZV9uZnMgb24gfHwgdHJ1ZQoKIyA9PT09PSBNb3VudCBFRlMgYXQgL3Zhci93d3cvaHRtbCA9PT09PQpta2RpciAtcCAvdmFyL3d3dy9odG1sCgpGU1RBQl9MSU5FPSJmcy0wZTY5NjEwYzA2ZDNiNTM4ZS5lZnMudXMtZWFzdC0xLmFtYXpvbmF3cy5jb206LyAgL3Zhci93d3cvaHRtbCAgbmZzNCAgbmZzdmVycz00LjEscnNpemU9MTA0ODU3Nix3c2l6ZT0xMDQ4NTc2LGhhcmQsdGltZW89NjAwLHJldHJhbnM9MixfbmV0ZGV2ICAwIDAiCmdyZXAgLXEgIltbOnNwYWNlOl1dZnMtMGU2OTYxMGMwNmQzYjUzOGVcLmVmc1wudXMtZWFzdC0xXC5hbWF6b25hd3NcLmNvbTovIiAvZXRjL2ZzdGFiIHx8IGVjaG8gIiRGU1RBQl9MSU5FIiA+PiAvZXRjL2ZzdGFiCgptb3VudCAtdCBuZnM0ICJmcy0wZTY5NjEwYzA2ZDNiNTM4ZS5lZnMudXMtZWFzdC0xLmFtYXpvbmF3cy5jb206LyIgL3Zhci93d3cvaHRtbAoKIyA9PT09PSBGaXJzdCBib290OiBwb3B1bGF0ZSBzaXRlIGludG8gRUZTIGlmIGVtcHR5ID09PT09CmlmIFsgISAtZiAvdmFyL3d3dy9odG1sL3dwLWNvbmZpZy5waHAgXTsgdGhlbgogIHJtIC1yZiAvdmFyL3d3dy9odG1sLyoKICBnaXQgY2xvbmUgLS1kZXB0aCAxICIkUkVQT19VUkwiIC92YXIvd3d3L2h0bWwgfHwgdHJ1ZQogIFsgLWYgL3Zhci93d3cvaHRtbC93cC1jb25maWcucGhwIF0gfHwgXAogICAgeyBbIC1mIC92YXIvd3d3L2h0bWwvd3AtY29uZmlnLXNhbXBsZS5waHAgXSAmJiBjcCAvdmFyL3d3dy9odG1sL3dwLWNvbmZpZy1zYW1wbGUucGhwIC92YXIvd3d3L2h0bWwvd3AtY29uZmlnLnBocDsgfQpmaQoKIyA9PT09PSBGaXggREJfSE9TVCBmcm9tIEdpdEh1YiByZXBvID09PT09CiMgR2l0SHViIHJlcG8gaGFzIG9sZCBkYXRhYmFzZSBlbmRwb2ludCwgcmVwbGFjZSB3aXRoIGN1cnJlbnQgb25lCnNlZCAtaSAicy93b3JkcHJlc3NuYW5jeVwuYzh4MnM0a2llZHcwXC51cy1lYXN0LTFcLnJkc1wuYW1hem9uYXdzXC5jb20vbmFuY3ktYmxvZy1kYi1kZXYtNWY4N2I1NWQuYzh4MnM0a2llZHcwLnVzLWVhc3QtMS5yZHMuYW1hem9uYXdzLmNvbS8iIC92YXIvd3d3L2h0bWwvd3AtY29uZmlnLnBocCB8fCB0cnVlCgojID09PT09IEhUVFBTIGJlaGluZCBBTEIgKFgtRm9yd2FyZGVkLVByb3RvKSA9PT09PQppZiAhIGdyZXAgLXEgIlhfRk9SV0FSREVEX1BST1RPIiAvdmFyL3d3dy9odG1sL3dwLWNvbmZpZy5waHA7IHRoZW4KICBjYXQgPj4gL3Zhci93d3cvaHRtbC93cC1jb25maWcucGhwIDw8J1BIUCcKLyogSGFuZGxlIEhUVFBTIGJlaGluZCBhIGxvYWQgYmFsYW5jZXIvcHJveHkgKi8KaWYgKGlzc2V0KCRfU0VSVkVSWydIVFRQX1hfRk9SV0FSREVEX1BST1RPJ10pICYmICRfU0VSVkVSWydIVFRQX1hfRk9SV0FSREVEX1BST1RPJ10gPT09ICdodHRwcycpIHsKICAkX1NFUlZFUlsnSFRUUFMnXSA9ICdvbic7Cn0KUEhQCmZpCgojID09PT09IEZpbGwgREIgY29uZmlnID09PT09CnNlZCAtaSAicy9kYXRhYmFzZV9uYW1lX2hlcmUvd29yZHByZXNzLyIgICAgICAvdmFyL3d3dy9odG1sL3dwLWNvbmZpZy5waHAgfHwgdHJ1ZQpzZWQgLWkgInMvdXNlcm5hbWVfaGVyZS9hbm5ldGNoZWJ5LyIgICAgICAgICAgIC92YXIvd3d3L2h0bWwvd3AtY29uZmlnLnBocCB8fCB0cnVlCnNlZCAtaSAicy9wYXNzd29yZF9oZXJlL0ZyYW5jb2lzZTEyMyEvIiAgICAgICAgICAgL3Zhci93d3cvaHRtbC93cC1jb25maWcucGhwIHx8IHRydWUKc2VkIC1pICJzL2xvY2FsaG9zdC9uYW5jeS1ibG9nLWRiLWRldi01Zjg3YjU1ZC5jOHgyczRraWVkdzAudXMtZWFzdC0xLnJkcy5hbWF6b25hd3MuY29tLyIgICAgICAgICAgICAgICAvdmFyL3d3dy9odG1sL3dwLWNvbmZpZy5waHAgfHwgdHJ1ZQoKc2VkIC1pIC1FICJzL2RlZmluZVwoJ0RCX05BTUUnLiovZGVmaW5lKCdEQl9OQU1FJywgJ3dvcmRwcmVzcycpOy8iICAgICAgICAgICAvdmFyL3d3dy9odG1sL3dwLWNvbmZpZy5waHAKc2VkIC1pIC1FICJzL2RlZmluZVwoJ0RCX1VTRVInLiovZGVmaW5lKCdEQl9VU0VSJywgJ2FubmV0Y2hlYnknKTsvIiAgICAgICAgICAgL3Zhci93d3cvaHRtbC93cC1jb25maWcucGhwCnNlZCAtaSAtRSAicy9kZWZpbmVcKCdEQl9QQVNTV09SRCcuKi9kZWZpbmUoJ0RCX1BBU1NXT1JEJywgJ0ZyYW5jb2lzZTEyMyEnKTsvIiAgIC92YXIvd3d3L2h0bWwvd3AtY29uZmlnLnBocApzZWQgLWkgLUUgInMvZGVmaW5lXCgnREJfSE9TVCcuKi9kZWZpbmUoJ0RCX0hPU1QnLCAnbmFuY3ktYmxvZy1kYi1kZXYtNWY4N2I1NWQuYzh4MnM0a2llZHcwLnVzLWVhc3QtMS5yZHMuYW1hem9uYXdzLmNvbScpOy8iICAgICAgICAgICAvdmFyL3d3dy9odG1sL3dwLWNvbmZpZy5waHAKCiMgPT09PT0gU2V0IHNpdGUgVVJMID09PT09CmlmIGNvbW1hbmQgLXYgbXlzcWwgPi9kZXYvbnVsbCAyPiYxOyB0aGVuCiAgaWYgaG9zdCAiJEJMT0dfRE9NQUlOIiA+L2Rldi9udWxsIDI+JjE7IHRoZW4KICAgIG15c3FsIC1oICJuYW5jeS1ibG9nLWRiLWRldi01Zjg3YjU1ZC5jOHgyczRraWVkdzAudXMtZWFzdC0xLnJkcy5hbWF6b25hd3MuY29tIiAtdSAiYW5uZXRjaGVieSIgLXAiRnJhbmNvaXNlMTIzISIgIndvcmRwcmVzcyIgLWUgXAogICAgICAiVVBEQVRFIHdwX29wdGlvbnMgU0VUIG9wdGlvbl92YWx1ZT0naHR0cDovL2Rldi5ibG9nLm5hbmN5LXN0YWNrLmNvbScgV0hFUkUgb3B0aW9uX25hbWUgSU4gKCdzaXRldXJsJywnaG9tZScpOyIKICBlbHNlCiAgICBteXNxbCAtaCAibmFuY3ktYmxvZy1kYi1kZXYtNWY4N2I1NWQuYzh4MnM0a2llZHcwLnVzLWVhc3QtMS5yZHMuYW1hem9uYXdzLmNvbSIgLXUgImFubmV0Y2hlYnkiIC1wIkZyYW5jb2lzZTEyMyEiICJ3b3JkcHJlc3MiIC1lIFwKICAgICAgIlVQREFURSB3cF9vcHRpb25zIFNFVCBvcHRpb25fdmFsdWU9J2h0dHA6Ly9uYW5jeS1ibG9nLWFsYi1kZXYtMTYzNjk2MzU2MC51cy1lYXN0LTEuZWxiLmFtYXpvbmF3cy5jb20nIFdIRVJFIG9wdGlvbl9uYW1lIElOICgnc2l0ZXVybCcsJ2hvbWUnKTsiCiAgZmkKZmkKCiMgPT09PT0gUGVybWlzc2lvbnMgPT09PT0KY2hvd24gLVIgYXBhY2hlOmFwYWNoZSAvdmFyL3d3dy9odG1sCmZpbmQgL3Zhci93d3cvaHRtbCAtdHlwZSBkIC1leGVjIGNobW9kIDI3NzUge30gXDsKZmluZCAvdmFyL3d3dy9odG1sIC10eXBlIGYgLWV4ZWMgY2htb2QgMDY2NCB7fSBcOwoKZWNobyAnPD9waHAgaHR0cF9yZXNwb25zZV9jb2RlKDIwMCk7IGVjaG8gIk9LIjsgPz4nID4gL3Zhci93d3cvaHRtbC9oZWFsdGgucGhwCmNob3duIGFwYWNoZTphcGFjaGUgL3Zhci93d3cvaHRtbC9oZWFsdGgucGhwCmNobW9kIDA2NDQgL3Zhci93d3cvaHRtbC9oZWFsdGgucGhwCgpzeXN0ZW1jdGwgcmVzdGFydCBwaHAtZnBtIGh0dHBkCmVjaG8gIltPS10gU3RhY2sgcmVhZHkuIg==",
            "vpc_security_group_ids": [
              "sg-05e65dcaeb2082af3"
            ]
          },
          "sensitive_attributes": [
            [
              {
                "type": "get_attr",
                "value": "user_data"
              }
            ]
          ],
          "identity_schema_version": 0,
          "private": "bnVsbA==",
          "dependencies": [
            "aws_db_instance.nancy_blog_db",
            "aws_db_subnet_group.blog_db_subnet_group",
            "aws_efs_file_system.blog_efs",
            "aws_iam_instance_profile.ec2_access_profile",
            "aws_iam_role.ec2_access_role",
            "aws_key_pair.blog_key",
            "aws_lb.blog_alb",
            "aws_security_group.blog_sg",
            "aws_subnet.blog_private_subnet",
            "aws_subnet.blog_public_subnet",
            "aws_vpc.blog_vpc",
            "data.aws_ami.blog_ami",
            "data.aws_availability_zones.available",
            "data.aws_subnets.blog_public_subnets",
            "data.aws_vpc.blog_vpc",
            "random_id.blog_db_suffix",
            "tls_private_key.blog_key"
          ],
          "create_before_destroy": true
        }
      ]
    },
    {
      "mode": "managed",
      "type": "aws_lb",
      "name": "blog_alb",
      "provider": "provider[\"registry.terraform.io/hashicorp/aws\"]",
      "instances": [
        {
          "schema_version": 0,
          "attributes": {
            "access_logs": [
              {
                "bucket": "",
                "enabled": false,
                "prefix": ""
              }
            ],
            "arn": "arn:aws:elasticloadbalancing:us-east-1:083587468058:loadbalancer/app/nancy-blog-alb-dev/4d451a6ce428b8fa",
            "arn_suffix": "app/nancy-blog-alb-dev/4d451a6ce428b8fa",
            "client_keep_alive": 3600,
            "connection_logs": [
              {
                "bucket": "",
                "enabled": false,
                "prefix": ""
              }
            ],
            "customer_owned_ipv4_pool": "",
            "desync_mitigation_mode": "defensive",
            "dns_name": "nancy-blog-alb-dev-1636963560.us-east-1.elb.amazonaws.com",
            "dns_record_client_routing_policy": null,
            "drop_invalid_header_fields": false,
            "enable_cross_zone_load_balancing": true,
            "enable_deletion_protection": false,
            "enable_http2": true,
            "enable_tls_version_and_cipher_suite_headers": false,
            "enable_waf_fail_open": false,
            "enable_xff_client_port": false,
            "enable_zonal_shift": false,
            "enforce_security_group_inbound_rules_on_private_link_traffic": "",
            "id": "arn:aws:elasticloadbalancing:us-east-1:083587468058:loadbalancer/app/nancy-blog-alb-dev/4d451a6ce428b8fa",
            "idle_timeout": 60,
            "internal": false,
            "ip_address_type": "ipv4",
            "ipam_pools": [],
            "load_balancer_type": "application",
            "minimum_load_balancer_capacity": [],
            "name": "nancy-blog-alb-dev",
            "name_prefix": "",
            "preserve_host_header": false,
            "security_groups": [
              "sg-05e65dcaeb2082af3"
            ],
            "subnet_mapping": [
              {
                "allocation_id": "",
                "ipv6_address": "",
                "outpost_id": "",
                "private_ipv4_address": "",
                "subnet_id": "subnet-07e3d0546f33baacf"
              },
              {
                "allocation_id": "",
                "ipv6_address": "",
                "outpost_id": "",
                "private_ipv4_address": "",
                "subnet_id": "subnet-0e1769b61bdc61364"
              }
            ],
            "subnets": [
              "subnet-07e3d0546f33baacf",
              "subnet-0e1769b61bdc61364"
            ],
            "tags": {
              "Application": "nancy-blog",
              "Environment": "dev",
              "Name": "nancy-blog-alb-dev",
              "OwnerEmail": "nancytcheby@hotmail.com"
            },
            "tags_all": {
              "Application": "nancy-blog",
              "Environment": "dev",
              "Name": "nancy-blog-alb-dev",
              "OwnerEmail": "nancytcheby@hotmail.com"
            },
            "timeouts": null,
            "vpc_id": "vpc-0b66ce46d56910450",
            "xff_header_processing_mode": "append",
            "zone_id": "Z35SXDOTRQ7X7K"
          },
          "sensitive_attributes": [],
          "identity_schema_version": 0,
          "private": "eyJlMmJmYjczMC1lY2FhLTExZTYtOGY4OC0zNDM2M2JjN2M0YzAiOnsiY3JlYXRlIjo2MDAwMDAwMDAwMDAsImRlbGV0ZSI6NjAwMDAwMDAwMDAwLCJ1cGRhdGUiOjYwMDAwMDAwMDAwMH19",
          "dependencies": [
            "aws_security_group.blog_sg",
            "aws_subnet.blog_public_subnet",
            "aws_vpc.blog_vpc",
            "data.aws_availability_zones.available",
            "data.aws_subnets.blog_public_subnets",
            "data.aws_vpc.blog_vpc"
          ],
          "create_before_destroy": true
        }
      ]
    },
    {
      "mode": "managed",
      "type": "aws_lb_listener",
      "name": "blog_http",
      "provider": "provider[\"registry.terraform.io/hashicorp/aws\"]",
      "instances": [
        {
          "schema_version": 0,
          "attributes": {
            "alpn_policy": null,
            "arn": "arn:aws:elasticloadbalancing:us-east-1:083587468058:listener/app/nancy-blog-alb-dev/4d451a6ce428b8fa/a78ca5555eba71f3",
            "certificate_arn": null,
            "default_action": [
              {
                "authenticate_cognito": [],
                "authenticate_oidc": [],
                "fixed_response": [],
                "forward": [],
                "order": 1,
                "redirect": [],
                "target_group_arn": "arn:aws:elasticloadbalancing:us-east-1:083587468058:targetgroup/nancy-blog-tg-dev/e040a04f82fae705",
                "type": "forward"
              }
            ],
            "id": "arn:aws:elasticloadbalancing:us-east-1:083587468058:listener/app/nancy-blog-alb-dev/4d451a6ce428b8fa/a78ca5555eba71f3",
            "load_balancer_arn": "arn:aws:elasticloadbalancing:us-east-1:083587468058:loadbalancer/app/nancy-blog-alb-dev/4d451a6ce428b8fa",
            "mutual_authentication": [],
            "port": 80,
            "protocol": "HTTP",
            "routing_http_request_x_amzn_mtls_clientcert_header_name": null,
            "routing_http_request_x_amzn_mtls_clientcert_issuer_header_name": null,
            "routing_http_request_x_amzn_mtls_clientcert_leaf_header_name": null,
            "routing_http_request_x_amzn_mtls_clientcert_serial_number_header_name": null,
            "routing_http_request_x_amzn_mtls_clientcert_subject_header_name": null,
            "routing_http_request_x_amzn_mtls_clientcert_validity_header_name": null,
            "routing_http_request_x_amzn_tls_cipher_suite_header_name": null,
            "routing_http_request_x_amzn_tls_version_header_name": null,
            "routing_http_response_access_control_allow_credentials_header_value": "",
            "routing_http_response_access_control_allow_headers_header_value": "",
            "routing_http_response_access_control_allow_methods_header_value": "",
            "routing_http_response_access_control_allow_origin_header_value": "",
            "routing_http_response_access_control_expose_headers_header_value": "",
            "routing_http_response_access_control_max_age_header_value": "",
            "routing_http_response_content_security_policy_header_value": "",
            "routing_http_response_server_enabled": true,
            "routing_http_response_strict_transport_security_header_value": "",
            "routing_http_response_x_content_type_options_header_value": "",
            "routing_http_response_x_frame_options_header_value": "",
            "ssl_policy": "",
            "tags": null,
            "tags_all": {},
            "tcp_idle_timeout_seconds": null,
            "timeouts": null
          },
          "sensitive_attributes": [],
          "identity_schema_version": 0,
          "private": "eyJlMmJmYjczMC1lY2FhLTExZTYtOGY4OC0zNDM2M2JjN2M0YzAiOnsiY3JlYXRlIjozMDAwMDAwMDAwMDAsInVwZGF0ZSI6MzAwMDAwMDAwMDAwfX0=",
          "dependencies": [
            "aws_lb.blog_alb",
            "aws_lb_target_group.blog_tg",
            "aws_security_group.blog_sg",
            "aws_subnet.blog_public_subnet",
            "aws_vpc.blog_vpc",
            "data.aws_availability_zones.available",
            "data.aws_subnets.blog_public_subnets",
            "data.aws_vpc.blog_vpc"
          ]
        }
      ]
    },
    {
      "mode": "managed",
      "type": "aws_lb_target_group",
      "name": "blog_tg",
      "provider": "provider[\"registry.terraform.io/hashicorp/aws\"]",
      "instances": [
        {
          "schema_version": 0,
          "attributes": {
            "arn": "arn:aws:elasticloadbalancing:us-east-1:083587468058:targetgroup/nancy-blog-tg-dev/e040a04f82fae705",
            "arn_suffix": "targetgroup/nancy-blog-tg-dev/e040a04f82fae705",
            "connection_termination": null,
            "deregistration_delay": "300",
            "health_check": [
              {
                "enabled": true,
                "healthy_threshold": 2,
                "interval": 30,
                "matcher": "200",
                "path": "/health.php",
                "port": "traffic-port",
                "protocol": "HTTP",
                "timeout": 5,
                "unhealthy_threshold": 2
              }
            ],
            "id": "arn:aws:elasticloadbalancing:us-east-1:083587468058:targetgroup/nancy-blog-tg-dev/e040a04f82fae705",
            "ip_address_type": "ipv4",
            "lambda_multi_value_headers_enabled": false,
            "load_balancer_arns": [],
            "load_balancing_algorithm_type": "round_robin",
            "load_balancing_anomaly_mitigation": "off",
            "load_balancing_cross_zone_enabled": "use_load_balancer_configuration",
            "name": "nancy-blog-tg-dev",
            "name_prefix": "",
            "port": 80,
            "preserve_client_ip": null,
            "protocol": "HTTP",
            "protocol_version": "HTTP1",
            "proxy_protocol_v2": false,
            "slow_start": 0,
            "stickiness": [
              {
                "cookie_duration": 86400,
                "cookie_name": "",
                "enabled": false,
                "type": "lb_cookie"
              }
            ],
            "tags": {
              "Application": "nancy-blog",
              "Environment": "dev",
              "Name": "nancy-blog-tg-dev",
              "OwnerEmail": "nancytcheby@hotmail.com"
            },
            "tags_all": {
              "Application": "nancy-blog",
              "Environment": "dev",
              "Name": "nancy-blog-tg-dev",
              "OwnerEmail": "nancytcheby@hotmail.com"
            },
            "target_failover": [
              {
                "on_deregistration": null,
                "on_unhealthy": null
              }
            ],
            "target_group_health": [
              {
                "dns_failover": [
                  {
                    "minimum_healthy_targets_count": "1",
                    "minimum_healthy_targets_percentage": "off"
                  }
                ],
                "unhealthy_state_routing": [
                  {
                    "minimum_healthy_targets_count": 1,
                    "minimum_healthy_targets_percentage": "off"
                  }
                ]
              }
            ],
            "target_health_state": [
              {
                "enable_unhealthy_connection_termination": null,
                "unhealthy_draining_interval": null
              }
            ],
            "target_type": "instance",
            "vpc_id": "vpc-0b66ce46d56910450"
          },
          "sensitive_attributes": [],
          "identity_schema_version": 0,
          "private": "bnVsbA==",
          "dependencies": [
            "aws_vpc.blog_vpc",
            "data.aws_vpc.blog_vpc"
          ],
          "create_before_destroy": true
        }
      ]
    },
    {
      "mode": "managed",
      "type": "aws_nat_gateway",
      "name": "blog_nat",
      "provider": "provider[\"registry.terraform.io/hashicorp/aws\"]",
      "instances": [
        {
          "index_key": 0,
          "schema_version": 0,
          "attributes": {
            "allocation_id": "eipalloc-0f2eb4bb3c2d3c778",
            "association_id": "eipassoc-03f0991c5cfa954ab",
            "connectivity_type": "public",
            "id": "nat-004f88a476221c90f",
            "network_interface_id": "eni-0297c8ea710031d4d",
            "private_ip": "10.0.0.178",
            "public_ip": "67.202.10.146",
            "secondary_allocation_ids": null,
            "secondary_private_ip_address_count": 0,
            "secondary_private_ip_addresses": [],
            "subnet_id": "subnet-07e3d0546f33baacf",
            "tags": {
              "Application": "nancy-blog",
              "Environment": "dev",
              "Name": "blog-nat-gateway-dev",
              "OwnerEmail": "nancytcheby@hotmail.com",
              "Project": "nancy-blog"
            },
            "tags_all": {
              "Application": "nancy-blog",
              "Environment": "dev",
              "Name": "blog-nat-gateway-dev",
              "OwnerEmail": "nancytcheby@hotmail.com",
              "Project": "nancy-blog"
            },
            "timeouts": null
          },
          "sensitive_attributes": [],
          "identity_schema_version": 0,
          "private": "eyJlMmJmYjczMC1lY2FhLTExZTYtOGY4OC0zNDM2M2JjN2M0YzAiOnsiY3JlYXRlIjo2MDAwMDAwMDAwMDAsImRlbGV0ZSI6MTgwMDAwMDAwMDAwMCwidXBkYXRlIjo2MDAwMDAwMDAwMDB9fQ==",
          "dependencies": [
            "aws_eip.blog_nat_eip",
            "aws_internet_gateway.blog_igw",
            "aws_subnet.blog_public_subnet",
            "aws_vpc.blog_vpc",
            "data.aws_availability_zones.available"
          ]
        }
      ]
    },
    {
      "mode": "managed",
      "type": "aws_network_acl",
      "name": "blog_public_nacl",
      "provider": "provider[\"registry.terraform.io/hashicorp/aws\"]",
      "instances": [
        {
          "index_key": 0,
          "schema_version": 0,
          "attributes": {
            "arn": "arn:aws:ec2:us-east-1:083587468058:network-acl/acl-056d06a085e453d23",
            "egress": [
              {
                "action": "allow",
                "cidr_block": "0.0.0.0/0",
                "from_port": 0,
                "icmp_code": null,
                "icmp_type": null,
                "ipv6_cidr_block": "",
                "protocol": "-1",
                "rule_no": 100,
                "to_port": 0
              }
            ],
            "id": "acl-056d06a085e453d23",
            "ingress": [
              {
                "action": "allow",
                "cidr_block": "0.0.0.0/0",
                "from_port": 1024,
                "icmp_code": null,
                "icmp_type": null,
                "ipv6_cidr_block": "",
                "protocol": "tcp",
                "rule_no": 120,
                "to_port": 65535
              },
              {
                "action": "allow",
                "cidr_block": "0.0.0.0/0",
                "from_port": 22,
                "icmp_code": null,
                "icmp_type": null,
                "ipv6_cidr_block": "",
                "protocol": "tcp",
                "rule_no": 130,
                "to_port": 22
              },
              {
                "action": "allow",
                "cidr_block": "0.0.0.0/0",
                "from_port": 443,
                "icmp_code": null,
                "icmp_type": null,
                "ipv6_cidr_block": "",
                "protocol": "tcp",
                "rule_no": 110,
                "to_port": 443
              },
              {
                "action": "allow",
                "cidr_block": "0.0.0.0/0",
                "from_port": 80,
                "icmp_code": null,
                "icmp_type": null,
                "ipv6_cidr_block": "",
                "protocol": "tcp",
                "rule_no": 100,
                "to_port": 80
              }
            ],
            "owner_id": "083587468058",
            "subnet_ids": [
              "subnet-07e3d0546f33baacf",
              "subnet-0e1769b61bdc61364"
            ],
            "tags": {
              "Application": "nancy-blog",
              "Environment": "dev",
              "Name": "blog-public-nacl-dev",
              "OwnerEmail": "nancytcheby@hotmail.com",
              "Project": "nancy-blog"
            },
            "tags_all": {
              "Application": "nancy-blog",
              "Environment": "dev",
              "Name": "blog-public-nacl-dev",
              "OwnerEmail": "nancytcheby@hotmail.com",
              "Project": "nancy-blog"
            },
            "vpc_id": "vpc-0b66ce46d56910450"
          },
          "sensitive_attributes": [],
          "identity_schema_version": 0,
          "private": "bnVsbA==",
          "dependencies": [
            "aws_subnet.blog_public_subnet",
            "aws_vpc.blog_vpc",
            "data.aws_availability_zones.available"
          ]
        }
      ]
    },
    {
      "mode": "managed",
      "type": "aws_route53_record",
      "name": "blog_dns",
      "provider": "provider[\"registry.terraform.io/hashicorp/aws\"]",
      "instances": [
        {
          "schema_version": 2,
          "attributes": {
            "alias": [
              {
                "evaluate_target_health": true,
                "name": "nancy-blog-alb-dev-1636963560.us-east-1.elb.amazonaws.com",
                "zone_id": "Z35SXDOTRQ7X7K"
              }
            ],
            "allow_overwrite": null,
            "cidr_routing_policy": [],
            "failover_routing_policy": [],
            "fqdn": "dev.blog.nancy-stack.com",
            "geolocation_routing_policy": [],
            "geoproximity_routing_policy": [],
            "health_check_id": "",
            "id": "Z074704322JFUBDW5LSEH_dev.blog.nancy-stack.com_A",
            "latency_routing_policy": [],
            "multivalue_answer_routing_policy": false,
            "name": "dev.blog.nancy-stack.com",
            "records": null,
            "set_identifier": "",
            "timeouts": null,
            "ttl": 0,
            "type": "A",
            "weighted_routing_policy": [],
            "zone_id": "Z074704322JFUBDW5LSEH"
          },
          "sensitive_attributes": [],
          "identity_schema_version": 0,
          "private": "eyJlMmJmYjczMC1lY2FhLTExZTYtOGY4OC0zNDM2M2JjN2M0YzAiOnsiY3JlYXRlIjoxODAwMDAwMDAwMDAwLCJkZWxldGUiOjE4MDAwMDAwMDAwMDAsInVwZGF0ZSI6MTgwMDAwMDAwMDAwMH0sInNjaGVtYV92ZXJzaW9uIjoiMiJ9",
          "dependencies": [
            "aws_lb.blog_alb",
            "aws_security_group.blog_sg",
            "aws_subnet.blog_public_subnet",
            "aws_vpc.blog_vpc",
            "data.aws_availability_zones.available",
            "data.aws_route53_zone.blog",
            "data.aws_subnets.blog_public_subnets",
            "data.aws_vpc.blog_vpc"
          ]
        }
      ]
    },
    {
      "mode": "managed",
      "type": "aws_route_table",
      "name": "blog_private_rt",
      "provider": "provider[\"registry.terraform.io/hashicorp/aws\"]",
      "instances": [
        {
          "index_key": 0,
          "schema_version": 0,
          "attributes": {
            "arn": "arn:aws:ec2:us-east-1:083587468058:route-table/rtb-0e6cab2b816a7167c",
            "id": "rtb-0e6cab2b816a7167c",
            "owner_id": "083587468058",
            "propagating_vgws": [],
            "route": [
              {
                "carrier_gateway_id": "",
                "cidr_block": "0.0.0.0/0",
                "core_network_arn": "",
                "destination_prefix_list_id": "",
                "egress_only_gateway_id": "",
                "gateway_id": "",
                "ipv6_cidr_block": "",
                "local_gateway_id": "",
                "nat_gateway_id": "nat-004f88a476221c90f",
                "network_interface_id": "",
                "transit_gateway_id": "",
                "vpc_endpoint_id": "",
                "vpc_peering_connection_id": ""
              }
            ],
            "tags": {
              "Application": "nancy-blog",
              "Environment": "dev",
              "Name": "blog-private-rt-dev",
              "OwnerEmail": "nancytcheby@hotmail.com",
              "Project": "nancy-blog",
              "Type": "Private"
            },
            "tags_all": {
              "Application": "nancy-blog",
              "Environment": "dev",
              "Name": "blog-private-rt-dev",
              "OwnerEmail": "nancytcheby@hotmail.com",
              "Project": "nancy-blog",
              "Type": "Private"
            },
            "timeouts": null,
            "vpc_id": "vpc-0b66ce46d56910450"
          },
          "sensitive_attributes": [],
          "identity_schema_version": 0,
          "private": "eyJlMmJmYjczMC1lY2FhLTExZTYtOGY4OC0zNDM2M2JjN2M0YzAiOnsiY3JlYXRlIjozMDAwMDAwMDAwMDAsImRlbGV0ZSI6MzAwMDAwMDAwMDAwLCJ1cGRhdGUiOjEyMDAwMDAwMDAwMH19",
          "dependencies": [
            "aws_eip.blog_nat_eip",
            "aws_internet_gateway.blog_igw",
            "aws_nat_gateway.blog_nat",
            "aws_subnet.blog_public_subnet",
            "aws_vpc.blog_vpc",
            "data.aws_availability_zones.available"
          ]
        }
      ]
    },
    {
      "mode": "managed",
      "type": "aws_route_table",
      "name": "blog_public_rt",
      "provider": "provider[\"registry.terraform.io/hashicorp/aws\"]",
      "instances": [
        {
          "index_key": 0,
          "schema_version": 0,
          "attributes": {
            "arn": "arn:aws:ec2:us-east-1:083587468058:route-table/rtb-001f270f45c1ae1f2",
            "id": "rtb-001f270f45c1ae1f2",
            "owner_id": "083587468058",
            "propagating_vgws": [],
            "route": [
              {
                "carrier_gateway_id": "",
                "cidr_block": "0.0.0.0/0",
                "core_network_arn": "",
                "destination_prefix_list_id": "",
                "egress_only_gateway_id": "",
                "gateway_id": "igw-0db237b610547ee98",
                "ipv6_cidr_block": "",
                "local_gateway_id": "",
                "nat_gateway_id": "",
                "network_interface_id": "",
                "transit_gateway_id": "",
                "vpc_endpoint_id": "",
                "vpc_peering_connection_id": ""
              }
            ],
            "tags": {
              "Application": "nancy-blog",
              "Environment": "dev",
              "Name": "blog-public-rt-dev",
              "OwnerEmail": "nancytcheby@hotmail.com",
              "Project": "nancy-blog",
              "Type": "Public"
            },
            "tags_all": {
              "Application": "nancy-blog",
              "Environment": "dev",
              "Name": "blog-public-rt-dev",
              "OwnerEmail": "nancytcheby@hotmail.com",
              "Project": "nancy-blog",
              "Type": "Public"
            },
            "timeouts": null,
            "vpc_id": "vpc-0b66ce46d56910450"
          },
          "sensitive_attributes": [],
          "identity_schema_version": 0,
          "private": "eyJlMmJmYjczMC1lY2FhLTExZTYtOGY4OC0zNDM2M2JjN2M0YzAiOnsiY3JlYXRlIjozMDAwMDAwMDAwMDAsImRlbGV0ZSI6MzAwMDAwMDAwMDAwLCJ1cGRhdGUiOjEyMDAwMDAwMDAwMH19",
          "dependencies": [
            "aws_internet_gateway.blog_igw",
            "aws_vpc.blog_vpc"
          ]
        }
      ]
    },
    {
      "mode": "managed",
      "type": "aws_route_table_association",
      "name": "blog_private_rta",
      "provider": "provider[\"registry.terraform.io/hashicorp/aws\"]",
      "instances": [
        {
          "index_key": 0,
          "schema_version": 0,
          "attributes": {
            "gateway_id": "",
            "id": "rtbassoc-02f0949b41fd0a8fb",
            "route_table_id": "rtb-0e6cab2b816a7167c",
            "subnet_id": "subnet-0d9c16d029d6a3d68",
            "timeouts": null
          },
          "sensitive_attributes": [],
          "identity_schema_version": 0,
          "private": "eyJlMmJmYjczMC1lY2FhLTExZTYtOGY4OC0zNDM2M2JjN2M0YzAiOnsiY3JlYXRlIjozMDAwMDAwMDAwMDAsImRlbGV0ZSI6MzAwMDAwMDAwMDAwLCJ1cGRhdGUiOjEyMDAwMDAwMDAwMH19",
          "dependencies": [
            "aws_eip.blog_nat_eip",
            "aws_internet_gateway.blog_igw",
            "aws_nat_gateway.blog_nat",
            "aws_route_table.blog_private_rt",
            "aws_subnet.blog_private_subnet",
            "aws_subnet.blog_public_subnet",
            "aws_vpc.blog_vpc",
            "data.aws_availability_zones.available"
          ]
        },
        {
          "index_key": 1,
          "schema_version": 0,
          "attributes": {
            "gateway_id": "",
            "id": "rtbassoc-094a3b1dd77eed20c",
            "route_table_id": "rtb-0e6cab2b816a7167c",
            "subnet_id": "subnet-028383b55cb27dbae",
            "timeouts": null
          },
          "sensitive_attributes": [],
          "identity_schema_version": 0,
          "private": "eyJlMmJmYjczMC1lY2FhLTExZTYtOGY4OC0zNDM2M2JjN2M0YzAiOnsiY3JlYXRlIjozMDAwMDAwMDAwMDAsImRlbGV0ZSI6MzAwMDAwMDAwMDAwLCJ1cGRhdGUiOjEyMDAwMDAwMDAwMH19",
          "dependencies": [
            "aws_eip.blog_nat_eip",
            "aws_internet_gateway.blog_igw",
            "aws_nat_gateway.blog_nat",
            "aws_route_table.blog_private_rt",
            "aws_subnet.blog_private_subnet",
            "aws_subnet.blog_public_subnet",
            "aws_vpc.blog_vpc",
            "data.aws_availability_zones.available"
          ]
        }
      ]
    },
    {
      "mode": "managed",
      "type": "aws_route_table_association",
      "name": "blog_public_rta",
      "provider": "provider[\"registry.terraform.io/hashicorp/aws\"]",
      "instances": [
        {
          "index_key": 0,
          "schema_version": 0,
          "attributes": {
            "gateway_id": "",
            "id": "rtbassoc-0e27f6726e04e6d45",
            "route_table_id": "rtb-001f270f45c1ae1f2",
            "subnet_id": "subnet-07e3d0546f33baacf",
            "timeouts": null
          },
          "sensitive_attributes": [],
          "identity_schema_version": 0,
          "private": "eyJlMmJmYjczMC1lY2FhLTExZTYtOGY4OC0zNDM2M2JjN2M0YzAiOnsiY3JlYXRlIjozMDAwMDAwMDAwMDAsImRlbGV0ZSI6MzAwMDAwMDAwMDAwLCJ1cGRhdGUiOjEyMDAwMDAwMDAwMH19",
          "dependencies": [
            "aws_internet_gateway.blog_igw",
            "aws_route_table.blog_public_rt",
            "aws_subnet.blog_public_subnet",
            "aws_vpc.blog_vpc",
            "data.aws_availability_zones.available"
          ]
        },
        {
          "index_key": 1,
          "schema_version": 0,
          "attributes": {
            "gateway_id": "",
            "id": "rtbassoc-06bce9a38a2752f64",
            "route_table_id": "rtb-001f270f45c1ae1f2",
            "subnet_id": "subnet-0e1769b61bdc61364",
            "timeouts": null
          },
          "sensitive_attributes": [],
          "identity_schema_version": 0,
          "private": "eyJlMmJmYjczMC1lY2FhLTExZTYtOGY4OC0zNDM2M2JjN2M0YzAiOnsiY3JlYXRlIjozMDAwMDAwMDAwMDAsImRlbGV0ZSI6MzAwMDAwMDAwMDAwLCJ1cGRhdGUiOjEyMDAwMDAwMDAwMH19",
          "dependencies": [
            "aws_internet_gateway.blog_igw",
            "aws_route_table.blog_public_rt",
            "aws_subnet.blog_public_subnet",
            "aws_vpc.blog_vpc",
            "data.aws_availability_zones.available"
          ]
        }
      ]
    },
    {
      "mode": "managed",
      "type": "aws_security_group",
      "name": "blog_efs_sg",
      "provider": "provider[\"registry.terraform.io/hashicorp/aws\"]",
      "instances": [
        {
          "schema_version": 1,
          "attributes": {
            "arn": "arn:aws:ec2:us-east-1:083587468058:security-group/sg-0e13a219727114d97",
            "description": "SG for EFS mount targets for Nancy Blog",
            "egress": [
              {
                "cidr_blocks": [
                  "0.0.0.0/0"
                ],
                "description": "",
                "from_port": 0,
                "ipv6_cidr_blocks": [],
                "prefix_list_ids": [],
                "protocol": "-1",
                "security_groups": [],
                "self": false,
                "to_port": 0
              }
            ],
            "id": "sg-0e13a219727114d97",
            "ingress": [
              {
                "cidr_blocks": [],
                "description": "Allow EC2 to mount EFS",
                "from_port": 2049,
                "ipv6_cidr_blocks": [],
                "prefix_list_ids": [],
                "protocol": "tcp",
                "security_groups": [
                  "sg-05e65dcaeb2082af3"
                ],
                "self": false,
                "to_port": 2049
              }
            ],
            "name": "nancy-blog-efs-sg-dev",
            "name_prefix": "",
            "owner_id": "083587468058",
            "revoke_rules_on_delete": false,
            "tags": {
              "Application": "nancy-blog",
              "Environment": "dev",
              "Name": "nancy-blog-efs-sg-dev"
            },
            "tags_all": {
              "Application": "nancy-blog",
              "Environment": "dev",
              "Name": "nancy-blog-efs-sg-dev"
            },
            "timeouts": null,
            "vpc_id": "vpc-0b66ce46d56910450"
          },
          "sensitive_attributes": [],
          "identity_schema_version": 0,
          "private": "eyJlMmJmYjczMC1lY2FhLTExZTYtOGY4OC0zNDM2M2JjN2M0YzAiOnsiY3JlYXRlIjo2MDAwMDAwMDAwMDAsImRlbGV0ZSI6OTAwMDAwMDAwMDAwfSwic2NoZW1hX3ZlcnNpb24iOiIxIn0=",
          "dependencies": [
            "aws_security_group.blog_sg",
            "aws_vpc.blog_vpc",
            "data.aws_vpc.blog_vpc"
          ],
          "create_before_destroy": true
        }
      ]
    },
    {
      "mode": "managed",
      "type": "aws_security_group",
      "name": "blog_sg",
      "provider": "provider[\"registry.terraform.io/hashicorp/aws\"]",
      "instances": [
        {
          "schema_version": 1,
          "attributes": {
            "arn": "arn:aws:ec2:us-east-1:083587468058:security-group/sg-05e65dcaeb2082af3",
            "description": "SG for Nancy Blog EC2",
            "egress": [
              {
                "cidr_blocks": [
                  "0.0.0.0/0"
                ],
                "description": "",
                "from_port": 0,
                "ipv6_cidr_blocks": [],
                "prefix_list_ids": [],
                "protocol": "-1",
                "security_groups": [],
                "self": false,
                "to_port": 0
              }
            ],
            "id": "sg-05e65dcaeb2082af3",
            "ingress": [
              {
                "cidr_blocks": [
                  "0.0.0.0/0"
                ],
                "description": "",
                "from_port": 22,
                "ipv6_cidr_blocks": [],
                "prefix_list_ids": [],
                "protocol": "tcp",
                "security_groups": [],
                "self": false,
                "to_port": 22
              },
              {
                "cidr_blocks": [
                  "0.0.0.0/0"
                ],
                "description": "",
                "from_port": 3306,
                "ipv6_cidr_blocks": [],
                "prefix_list_ids": [],
                "protocol": "tcp",
                "security_groups": [],
                "self": false,
                "to_port": 3306
              },
              {
                "cidr_blocks": [
                  "0.0.0.0/0"
                ],
                "description": "",
                "from_port": 80,
                "ipv6_cidr_blocks": [],
                "prefix_list_ids": [],
                "protocol": "tcp",
                "security_groups": [],
                "self": false,
                "to_port": 80
              }
            ],
            "name": "nancy-blog-sg-dev",
            "name_prefix": "",
            "owner_id": "083587468058",
            "revoke_rules_on_delete": false,
            "tags": {
              "Application": "nancy-blog",
              "Environment": "dev",
              "Name": "nancy-blog-sg-dev"
            },
            "tags_all": {
              "Application": "nancy-blog",
              "Environment": "dev",
              "Name": "nancy-blog-sg-dev"
            },
            "timeouts": null,
            "vpc_id": "vpc-0b66ce46d56910450"
          },
          "sensitive_attributes": [],
          "identity_schema_version": 0,
          "private": "eyJlMmJmYjczMC1lY2FhLTExZTYtOGY4OC0zNDM2M2JjN2M0YzAiOnsiY3JlYXRlIjo2MDAwMDAwMDAwMDAsImRlbGV0ZSI6OTAwMDAwMDAwMDAwfSwic2NoZW1hX3ZlcnNpb24iOiIxIn0=",
          "dependencies": [
            "aws_vpc.blog_vpc",
            "data.aws_vpc.blog_vpc"
          ],
          "create_before_destroy": true
        }
      ]
    },
    {
      "mode": "managed",
      "type": "aws_subnet",
      "name": "blog_private_subnet",
      "provider": "provider[\"registry.terraform.io/hashicorp/aws\"]",
      "instances": [
        {
          "index_key": 0,
          "schema_version": 1,
          "attributes": {
            "arn": "arn:aws:ec2:us-east-1:083587468058:subnet/subnet-0d9c16d029d6a3d68",
            "assign_ipv6_address_on_creation": false,
            "availability_zone": "us-east-1a",
            "availability_zone_id": "use1-az4",
            "cidr_block": "10.0.2.0/24",
            "customer_owned_ipv4_pool": "",
            "enable_dns64": false,
            "enable_lni_at_device_index": 0,
            "enable_resource_name_dns_a_record_on_launch": false,
            "enable_resource_name_dns_aaaa_record_on_launch": false,
            "id": "subnet-0d9c16d029d6a3d68",
            "ipv6_cidr_block": "",
            "ipv6_cidr_block_association_id": "",
            "ipv6_native": false,
            "map_customer_owned_ip_on_launch": false,
            "map_public_ip_on_launch": false,
            "outpost_arn": "",
            "owner_id": "083587468058",
            "private_dns_hostname_type_on_launch": "ip-name",
            "tags": {
              "Application": "nancy-blog",
              "Environment": "dev",
              "Name": "blog-private-subnet-1-dev",
              "OwnerEmail": "nancytcheby@hotmail.com",
              "Project": "nancy-blog",
              "Type": "Private"
            },
            "tags_all": {
              "Application": "nancy-blog",
              "Environment": "dev",
              "Name": "blog-private-subnet-1-dev",
              "OwnerEmail": "nancytcheby@hotmail.com",
              "Project": "nancy-blog",
              "Type": "Private"
            },
            "timeouts": null,
            "vpc_id": "vpc-0b66ce46d56910450"
          },
          "sensitive_attributes": [],
          "identity_schema_version": 0,
          "private": "eyJlMmJmYjczMC1lY2FhLTExZTYtOGY4OC0zNDM2M2JjN2M0YzAiOnsiY3JlYXRlIjo2MDAwMDAwMDAwMDAsImRlbGV0ZSI6MTIwMDAwMDAwMDAwMH0sInNjaGVtYV92ZXJzaW9uIjoiMSJ9",
          "dependencies": [
            "aws_vpc.blog_vpc",
            "data.aws_availability_zones.available"
          ],
          "create_before_destroy": true
        },
        {
          "index_key": 1,
          "schema_version": 1,
          "attributes": {
            "arn": "arn:aws:ec2:us-east-1:083587468058:subnet/subnet-028383b55cb27dbae",
            "assign_ipv6_address_on_creation": false,
            "availability_zone": "us-east-1b",
            "availability_zone_id": "use1-az6",
            "cidr_block": "10.0.3.0/24",
            "customer_owned_ipv4_pool": "",
            "enable_dns64": false,
            "enable_lni_at_device_index": 0,
            "enable_resource_name_dns_a_record_on_launch": false,
            "enable_resource_name_dns_aaaa_record_on_launch": false,
            "id": "subnet-028383b55cb27dbae",
            "ipv6_cidr_block": "",
            "ipv6_cidr_block_association_id": "",
            "ipv6_native": false,
            "map_customer_owned_ip_on_launch": false,
            "map_public_ip_on_launch": false,
            "outpost_arn": "",
            "owner_id": "083587468058",
            "private_dns_hostname_type_on_launch": "ip-name",
            "tags": {
              "Application": "nancy-blog",
              "Environment": "dev",
              "Name": "blog-private-subnet-2-dev",
              "OwnerEmail": "nancytcheby@hotmail.com",
              "Project": "nancy-blog",
              "Type": "Private"
            },
            "tags_all": {
              "Application": "nancy-blog",
              "Environment": "dev",
              "Name": "blog-private-subnet-2-dev",
              "OwnerEmail": "nancytcheby@hotmail.com",
              "Project": "nancy-blog",
              "Type": "Private"
            },
            "timeouts": null,
            "vpc_id": "vpc-0b66ce46d56910450"
          },
          "sensitive_attributes": [],
          "identity_schema_version": 0,
          "private": "eyJlMmJmYjczMC1lY2FhLTExZTYtOGY4OC0zNDM2M2JjN2M0YzAiOnsiY3JlYXRlIjo2MDAwMDAwMDAwMDAsImRlbGV0ZSI6MTIwMDAwMDAwMDAwMH0sInNjaGVtYV92ZXJzaW9uIjoiMSJ9",
          "dependencies": [
            "aws_vpc.blog_vpc",
            "data.aws_availability_zones.available"
          ],
          "create_before_destroy": true
        }
      ]
    },
    {
      "mode": "managed",
      "type": "aws_subnet",
      "name": "blog_public_subnet",
      "provider": "provider[\"registry.terraform.io/hashicorp/aws\"]",
      "instances": [
        {
          "index_key": 0,
          "schema_version": 1,
          "attributes": {
            "arn": "arn:aws:ec2:us-east-1:083587468058:subnet/subnet-07e3d0546f33baacf",
            "assign_ipv6_address_on_creation": false,
            "availability_zone": "us-east-1a",
            "availability_zone_id": "use1-az4",
            "cidr_block": "10.0.0.0/24",
            "customer_owned_ipv4_pool": "",
            "enable_dns64": false,
            "enable_lni_at_device_index": 0,
            "enable_resource_name_dns_a_record_on_launch": false,
            "enable_resource_name_dns_aaaa_record_on_launch": false,
            "id": "subnet-07e3d0546f33baacf",
            "ipv6_cidr_block": "",
            "ipv6_cidr_block_association_id": "",
            "ipv6_native": false,
            "map_customer_owned_ip_on_launch": false,
            "map_public_ip_on_launch": true,
            "outpost_arn": "",
            "owner_id": "083587468058",
            "private_dns_hostname_type_on_launch": "ip-name",
            "tags": {
              "Application": "nancy-blog",
              "Environment": "dev",
              "Name": "blog-public-subnet-1-dev",
              "OwnerEmail": "nancytcheby@hotmail.com",
              "Project": "nancy-blog",
              "Tier": "Public",
              "Type": "Public"
            },
            "tags_all": {
              "Application": "nancy-blog",
              "Environment": "dev",
              "Name": "blog-public-subnet-1-dev",
              "OwnerEmail": "nancytcheby@hotmail.com",
              "Project": "nancy-blog",
              "Tier": "Public",
              "Type": "Public"
            },
            "timeouts": null,
            "vpc_id": "vpc-0b66ce46d56910450"
          },
          "sensitive_attributes": [],
          "identity_schema_version": 0,
          "private": "eyJlMmJmYjczMC1lY2FhLTExZTYtOGY4OC0zNDM2M2JjN2M0YzAiOnsiY3JlYXRlIjo2MDAwMDAwMDAwMDAsImRlbGV0ZSI6MTIwMDAwMDAwMDAwMH0sInNjaGVtYV92ZXJzaW9uIjoiMSJ9",
          "dependencies": [
            "aws_vpc.blog_vpc",
            "data.aws_availability_zones.available"
          ],
          "create_before_destroy": true
        },
        {
          "index_key": 1,
          "schema_version": 1,
          "attributes": {
            "arn": "arn:aws:ec2:us-east-1:083587468058:subnet/subnet-0e1769b61bdc61364",
            "assign_ipv6_address_on_creation": false,
            "availability_zone": "us-east-1b",
            "availability_zone_id": "use1-az6",
            "cidr_block": "10.0.1.0/24",
            "customer_owned_ipv4_pool": "",
            "enable_dns64": false,
            "enable_lni_at_device_index": 0,
            "enable_resource_name_dns_a_record_on_launch": false,
            "enable_resource_name_dns_aaaa_record_on_launch": false,
            "id": "subnet-0e1769b61bdc61364",
            "ipv6_cidr_block": "",
            "ipv6_cidr_block_association_id": "",
            "ipv6_native": false,
            "map_customer_owned_ip_on_launch": false,
            "map_public_ip_on_launch": true,
            "outpost_arn": "",
            "owner_id": "083587468058",
            "private_dns_hostname_type_on_launch": "ip-name",
            "tags": {
              "Application": "nancy-blog",
              "Environment": "dev",
              "Name": "blog-public-subnet-2-dev",
              "OwnerEmail": "nancytcheby@hotmail.com",
              "Project": "nancy-blog",
              "Tier": "Public",
              "Type": "Public"
            },
            "tags_all": {
              "Application": "nancy-blog",
              "Environment": "dev",
              "Name": "blog-public-subnet-2-dev",
              "OwnerEmail": "nancytcheby@hotmail.com",
              "Project": "nancy-blog",
              "Tier": "Public",
              "Type": "Public"
            },
            "timeouts": null,
            "vpc_id": "vpc-0b66ce46d56910450"
          },
          "sensitive_attributes": [],
          "identity_schema_version": 0,
          "private": "eyJlMmJmYjczMC1lY2FhLTExZTYtOGY4OC0zNDM2M2JjN2M0YzAiOnsiY3JlYXRlIjo2MDAwMDAwMDAwMDAsImRlbGV0ZSI6MTIwMDAwMDAwMDAwMH0sInNjaGVtYV92ZXJzaW9uIjoiMSJ9",
          "dependencies": [
            "aws_vpc.blog_vpc",
            "data.aws_availability_zones.available"
          ],
          "create_before_destroy": true
        }
      ]
    },
    {
      "mode": "managed",
      "type": "aws_vpc",
      "name": "blog_vpc",
      "provider": "provider[\"registry.terraform.io/hashicorp/aws\"]",
      "instances": [
        {
          "index_key": 0,
          "schema_version": 1,
          "attributes": {
            "arn": "arn:aws:ec2:us-east-1:083587468058:vpc/vpc-0b66ce46d56910450",
            "assign_generated_ipv6_cidr_block": false,
            "cidr_block": "10.0.0.0/16",
            "default_network_acl_id": "acl-0faea0777d1afceda",
            "default_route_table_id": "rtb-020c40be8c0a9654d",
            "default_security_group_id": "sg-05139e71e233b7677",
            "dhcp_options_id": "dopt-08e98912fc46c72c9",
            "enable_dns_hostnames": true,
            "enable_dns_support": true,
            "enable_network_address_usage_metrics": false,
            "id": "vpc-0b66ce46d56910450",
            "instance_tenancy": "default",
            "ipv4_ipam_pool_id": null,
            "ipv4_netmask_length": null,
            "ipv6_association_id": "",
            "ipv6_cidr_block": "",
            "ipv6_cidr_block_network_border_group": "",
            "ipv6_ipam_pool_id": "",
            "ipv6_netmask_length": 0,
            "main_route_table_id": "rtb-020c40be8c0a9654d",
            "owner_id": "083587468058",
            "tags": {
              "Application": "nancy-blog",
              "Environment": "dev",
              "Name": "nancy-blog-vpc-dev",
              "OwnerEmail": "nancytcheby@hotmail.com",
              "Project": "nancy-blog"
            },
            "tags_all": {
              "Application": "nancy-blog",
              "Environment": "dev",
              "Name": "nancy-blog-vpc-dev",
              "OwnerEmail": "nancytcheby@hotmail.com",
              "Project": "nancy-blog"
            }
          },
          "sensitive_attributes": [],
          "identity_schema_version": 0,
          "private": "eyJzY2hlbWFfdmVyc2lvbiI6IjEifQ==",
          "create_before_destroy": true
        }
      ]
    },
    {
      "mode": "managed",
      "type": "random_id",
      "name": "blog_db_suffix",
      "provider": "provider[\"registry.terraform.io/hashicorp/random\"]",
      "instances": [
        {
          "schema_version": 0,
          "attributes": {
            "b64_std": "X4e1XQ==",
            "b64_url": "X4e1XQ",
            "byte_length": 4,
            "dec": "1602729309",
            "hex": "5f87b55d",
            "id": "X4e1XQ",
            "keepers": null,
            "prefix": null
          },
          "sensitive_attributes": [],
          "identity_schema_version": 0,
          "create_before_destroy": true
        }
      ]
    },
    {
      "mode": "managed",
      "type": "tls_private_key",
      "name": "blog_key",
      "provider": "provider[\"registry.terraform.io/hashicorp/tls\"]",
      "instances": [
        {
          "schema_version": 1,
          "attributes": {
            "algorithm": "RSA",
            "ecdsa_curve": "P224",
            "id": "f2be8d726ceb561a8b43d2b26b29c83575d20e22",
            "private_key_openssh": "-----BEGIN OPENSSH PRIVATE KEY-----\nb3BlbnNzaC1rZXktdjEAAAAABG5vbmUAAAAEbm9uZQAAAAAAAAABAAACFwAAAAdz\nc2gtcnNhAAAAAwEAAQAAAgEAzWMd3nquFNhb2JZ30h7l9bXThyZ98gPKFx0bXSVR\noyJFR1tBzQxqPlcGNK6K084rOsSgLiKIl2Bj+drxmy5sP4k/mmzwV12SM2Eh12q2\n9y1mnu/dQEH8m4tYXj/o4nRR2LiqemExjLqF8xCNfrQ7OmbBQOwUvFyJvo50aCwj\nJQeVq0L7o9X/FtiKgjx4AdZFcqiEFhmIBs9aM7iDxf21rk2OczC8eZsS7XQDrr63\nPih38MzEpPVIhcqDSgmB48yuQ5kJYsTcMzzVZhA8IVKsbsVe1pgzZSfxp8+cAWUI\nusU7CpRNaD1QaQFR2SKQtZrdMrmGNcYcBzjFfNcOdbEkZVIzWcMwvKk1+NjULXa7\n46F617RwjidgNhoH1JF2ZzXUOCkap9dT/Bo0MpTP1tOwSXa2BHQ1qKI/bObz8a9E\n9FMzNP+AkJ3k253ZvvSSpbj9qf06jkvFPNfFPHzuXmm2VQ9fRZfA+ZqfiA/q2d0o\n74p6LwgsoQ/SGeFPgi6PRFqgcQz2t8HMQbcfBJz0BLpN8jKjqdZxOmtRNlN8qEE9\nNa4gg4mAUgvIHXvo7FfH23TVQTgkBpBzTLt0vsQwBLNHkYElmQyTlOa8VdQMc8Vo\n/u6pPg+tz1p8yzbMhQkRQLwc+Ns6p13swqfhllZfjxv8QDUAlfjsRS7JJRhK9i8R\nVqkAAAc48CwiTvAsIk4AAAAHc3NoLXJzYQAAAgEAzWMd3nquFNhb2JZ30h7l9bXT\nhyZ98gPKFx0bXSVRoyJFR1tBzQxqPlcGNK6K084rOsSgLiKIl2Bj+drxmy5sP4k/\nmmzwV12SM2Eh12q29y1mnu/dQEH8m4tYXj/o4nRR2LiqemExjLqF8xCNfrQ7OmbB\nQOwUvFyJvo50aCwjJQeVq0L7o9X/FtiKgjx4AdZFcqiEFhmIBs9aM7iDxf21rk2O\nczC8eZsS7XQDrr63Pih38MzEpPVIhcqDSgmB48yuQ5kJYsTcMzzVZhA8IVKsbsVe\n1pgzZSfxp8+cAWUIusU7CpRNaD1QaQFR2SKQtZrdMrmGNcYcBzjFfNcOdbEkZVIz\nWcMwvKk1+NjULXa746F617RwjidgNhoH1JF2ZzXUOCkap9dT/Bo0MpTP1tOwSXa2\nBHQ1qKI/bObz8a9E9FMzNP+AkJ3k253ZvvSSpbj9qf06jkvFPNfFPHzuXmm2VQ9f\nRZfA+ZqfiA/q2d0o74p6LwgsoQ/SGeFPgi6PRFqgcQz2t8HMQbcfBJz0BLpN8jKj\nqdZxOmtRNlN8qEE9Na4gg4mAUgvIHXvo7FfH23TVQTgkBpBzTLt0vsQwBLNHkYEl\nmQyTlOa8VdQMc8Vo/u6pPg+tz1p8yzbMhQkRQLwc+Ns6p13swqfhllZfjxv8QDUA\nlfjsRS7JJRhK9i8RVqkAAAADAQABAAACAA5jRiFiuLUvHugCSmyGy5c14JaUJLiC\neXK7EEKrLZfe+7lu9CIYH400bXPdUk5aH/8i7RGuS6FHGFnVc51qWBzvUWxQ+1kz\nbd15jXRYvm58WLcDmJ06wiZnUY5wrbDHc0BaV17xVhZErsODQlZA6/FAZ4NTxnQX\ni3K06gSuKtwaNurja1tjz1XbX4CWGdYPG5hXo8EkkrnfZrM+1sRU7JhESJlbLajb\nKy1FNkjUhWOuVBCjV5cys5zjveS+28GIgiCsJNMtdTuFpHFc68lt0DSGUQl5aghJ\nDw2xZn1WhZEH5gXss6t8uBhTBlfOqxJ9wcce5f74XNhIqtT+/71Q5nquQdJhFmWl\nfYfKSaTFfeZnCkbVEm6U7xvlUHKoT+73JDmR9YoIdJd6H56usUKSOtKi7yteuPov\ntWy4IQMwx4+y7jdocSrE/ous/D3BhbeRsT/wjyBAHlHtuo+rCc9RCoGsHwTP3bdB\nmlOJz8+FWeQzvG77tqTGJNikN2Ex+FaiI/WregTIhC2FzvE9D1QljpdZnH50X5+c\n9dymncf+EB1okgNnpJk9Y3wXIEIXylDAVDuIJbBKWk5c48lh4qhY+YJMAIrpqrMm\nTuUULcQFQGqI43ZEe/TFJi3xntxL4VRsqu5MYNt1jkgRtkNnXALbd1lK762pWRcH\n6C/D89peYse9AAABACla6nirPKUs1NoXh/jkdu6DGQcLomVR/UJtzisC4FOjPIuK\nIheJSPcK9gNEQszkRrTD9K7q71gbi6mfKTc+ZGZTUbL+GGDVAh7LZdc2xhIQMyu7\ntogHsiDu7cU0RndYQ4DxRdFgUGLFrONJe8q0SFkYAIo5PhJcf5S+DolYglaqThfs\n0So2oRg708bOTJSZfXW/6eZPFwbmbTFX7qJiDbnw+MDvzmNfnxFRkq5zyfOPMvgZ\nx0E/P2hoFnSx+xeeQYTOB+rSfyM4vSQ8ulVKrefu2mt5Oqzm1aS0IZaegbGQhvXN\n+OtMQnJlQeXjLb63MP6pk13i2rQd024CvxjWxVwAAAEBAP+FuTa+s0U9Kdk4EqqM\ne6xibl2qh4X6zUCSx6hzBR9su6Eh0BW7qHuY04z9Lyappw1W2EZIUgtDLqvZ9h8w\nxKs4gogunsGaMxYJepUNyscSgVo9zXEvV8LpEG7ykrgQf9zVlIEc6vjHiHUNnj9Z\nhCjL/Pq6SOxlbPGk2uLkVOocRu3MG3Vr/0X56H2FpGWOSFheRsq+Lc5ryZ+EhW4K\n1fP77jvmwj/EICYeMmlMaeAXo008m/GEDBRcoyyPzoobZ8PfoZMqTpga5agpEG9M\nLIkVUnmawhh86Lp4WJgQ76FFJJN2wpDDNRrQRN5q0UcgYx0RHR2GhnX/VjdMxGtn\nASsAAAEBAM3FZtc72f/tI4ru2eJI810p7XlGaFwL3dAgPTZ9Cey9bj75dORMqZBF\nV6cUjNPQVJUZdDqfDfNKuyk3kvdc0QB6JgXCEaKsNAP/n3HIQ/n1U+sG9+BonTPW\nBCbh2M5f7JUHjHWvM9zrD5nJB1vu5MtslITL7OvaCQziZE6JnLgGYLANNbk5ZEoy\nmfnRAaef4n6p+f+01ZmGJnkPsGlbG/BgBq9ZYxO9bMSR8vj/kVQ5zhL76Yf7wklo\nKnFtWCPT0nHID/9fFJ+X7+qZt14eLAs+pw8CFg/twdIZvYv0bDR5NEi0WG1hACQM\n9mAtt6vOmxytQAjpmWru9qEAEoZR1XsAAAAAAQID\n-----END OPENSSH PRIVATE KEY-----\n",
            "private_key_pem": "-----BEGIN RSA PRIVATE KEY-----\nMIIJKAIBAAKCAgEAzWMd3nquFNhb2JZ30h7l9bXThyZ98gPKFx0bXSVRoyJFR1tB\nzQxqPlcGNK6K084rOsSgLiKIl2Bj+drxmy5sP4k/mmzwV12SM2Eh12q29y1mnu/d\nQEH8m4tYXj/o4nRR2LiqemExjLqF8xCNfrQ7OmbBQOwUvFyJvo50aCwjJQeVq0L7\no9X/FtiKgjx4AdZFcqiEFhmIBs9aM7iDxf21rk2OczC8eZsS7XQDrr63Pih38MzE\npPVIhcqDSgmB48yuQ5kJYsTcMzzVZhA8IVKsbsVe1pgzZSfxp8+cAWUIusU7CpRN\naD1QaQFR2SKQtZrdMrmGNcYcBzjFfNcOdbEkZVIzWcMwvKk1+NjULXa746F617Rw\njidgNhoH1JF2ZzXUOCkap9dT/Bo0MpTP1tOwSXa2BHQ1qKI/bObz8a9E9FMzNP+A\nkJ3k253ZvvSSpbj9qf06jkvFPNfFPHzuXmm2VQ9fRZfA+ZqfiA/q2d0o74p6Lwgs\noQ/SGeFPgi6PRFqgcQz2t8HMQbcfBJz0BLpN8jKjqdZxOmtRNlN8qEE9Na4gg4mA\nUgvIHXvo7FfH23TVQTgkBpBzTLt0vsQwBLNHkYElmQyTlOa8VdQMc8Vo/u6pPg+t\nz1p8yzbMhQkRQLwc+Ns6p13swqfhllZfjxv8QDUAlfjsRS7JJRhK9i8RVqkCAwEA\nAQKCAgAOY0YhYri1Lx7oAkpshsuXNeCWlCS4gnlyuxBCqy2X3vu5bvQiGB+NNG1z\n3VJOWh//Iu0RrkuhRxhZ1XOdalgc71FsUPtZM23deY10WL5ufFi3A5idOsImZ1GO\ncK2wx3NAWlde8VYWRK7Dg0JWQOvxQGeDU8Z0F4tytOoErircGjbq42tbY89V21+A\nlhnWDxuYV6PBJJK532azPtbEVOyYREiZWy2o2ystRTZI1IVjrlQQo1eXMrOc473k\nvtvBiIIgrCTTLXU7haRxXOvJbdA0hlEJeWoISQ8NsWZ9VoWRB+YF7LOrfLgYUwZX\nzqsSfcHHHuX++FzYSKrU/v+9UOZ6rkHSYRZlpX2HykmkxX3mZwpG1RJulO8b5VBy\nqE/u9yQ5kfWKCHSXeh+errFCkjrSou8rXrj6L7VsuCEDMMePsu43aHEqxP6LrPw9\nwYW3kbE/8I8gQB5R7bqPqwnPUQqBrB8Ez923QZpTic/PhVnkM7xu+7akxiTYpDdh\nMfhWoiP1q3oEyIQthc7xPQ9UJY6XWZx+dF+fnPXcpp3H/hAdaJIDZ6SZPWN8FyBC\nF8pQwFQ7iCWwSlpOXOPJYeKoWPmCTACK6aqzJk7lFC3EBUBqiON2RHv0xSYt8Z7c\nS+FUbKruTGDbdY5IEbZDZ1wC23dZSu+tqVkXB+gvw/PaXmLHvQKCAQEA/4W5Nr6z\nRT0p2TgSqox7rGJuXaqHhfrNQJLHqHMFH2y7oSHQFbuoe5jTjP0vJqmnDVbYRkhS\nC0Muq9n2HzDEqziCiC6ewZozFgl6lQ3KxxKBWj3NcS9XwukQbvKSuBB/3NWUgRzq\n+MeIdQ2eP1mEKMv8+rpI7GVs8aTa4uRU6hxG7cwbdWv/RfnofYWkZY5IWF5Gyr4t\nzmvJn4SFbgrV8/vuO+bCP8QgJh4yaUxp4BejTTyb8YQMFFyjLI/Oihtnw9+hkypO\nmBrlqCkQb0wsiRVSeZrCGHzounhYmBDvoUUkk3bCkMM1GtBE3mrRRyBjHREdHYaG\ndf9WN0zEa2cBKwKCAQEAzcVm1zvZ/+0jiu7Z4kjzXSnteUZoXAvd0CA9Nn0J7L1u\nPvl05EypkEVXpxSM09BUlRl0Op8N80q7KTeS91zRAHomBcIRoqw0A/+fcchD+fVT\n6wb34GidM9YEJuHYzl/slQeMda8z3OsPmckHW+7ky2yUhMvs69oJDOJkTomcuAZg\nsA01uTlkSjKZ+dEBp5/ifqn5/7TVmYYmeQ+waVsb8GAGr1ljE71sxJHy+P+RVDnO\nEvvph/vCSWgqcW1YI9PSccgP/18Un5fv6pm3Xh4sCz6nDwIWD+3B0hm9i/RsNHk0\nSLRYbWEAJAz2YC23q86bHK1ACOmZau72oQAShlHVewKCAQEA/17L/nSUggxguKEb\ntqt0JpKxLpdxnmtLms+XDzj007U9yAodBrtn5S6VrwCSkRdYxzIWMBezN2JLUKEj\nI4T/6QcvHZ9KNr8/czTB+BmyoUZTVLcTjZz9HuUC8X8pNx/2SeSC6I7YHw57yFB1\n6WYzePp1uLdYjjnHqbFSuRPt8ZOVJ6+nebEXjP34ZwqbhIuwrfB628E50mVTOkOd\nfp8BuTf9now/cq82WiIvy6D852N4Z4a9a6DG2crDoZOPneNJzy6/Mm9D4SxwfaGc\ntT7x+4b9yF7swMCFb2c7U68JbqnFpkM4rKkLd+LSEV+8DFPH+pLSAGIkG+W2asok\nPBrTxQKCAQBknfgRmtSYTi6pCu5DtgQ6M/xI5uK0z6Cg2oLUGAQ4XNCBvp0n3Uy0\nnROlQWkzUZVqas3otEmwA4TNPL2Cc0JHh3L8Mc9JygaNRfuDObfzi8CDFh8y/jSQ\nWkAheyH2l/UpUk2eZhNoHRC91AzjKUd7KRbecJDjKvRt9m2x8ZxOZ9/zdiIk9ilS\nFrgv7cFvY8DuytLR9GzV60D4xXEvsztQKMRcDctipad/3xX+J4m6s6FOqxugQLza\nBDNsz1jf+/3VYUxhRO7isvq/rnZ5cSt8PCCYOB7tnwa9Y5TJ0LTwW6vzOSxcH6hf\n+G6ozPIY8qfqN9UuBnvcTAkQ5OYqA+3tAoIBACla6nirPKUs1NoXh/jkdu6DGQcL\nomVR/UJtzisC4FOjPIuKIheJSPcK9gNEQszkRrTD9K7q71gbi6mfKTc+ZGZTUbL+\nGGDVAh7LZdc2xhIQMyu7togHsiDu7cU0RndYQ4DxRdFgUGLFrONJe8q0SFkYAIo5\nPhJcf5S+DolYglaqThfs0So2oRg708bOTJSZfXW/6eZPFwbmbTFX7qJiDbnw+MDv\nzmNfnxFRkq5zyfOPMvgZx0E/P2hoFnSx+xeeQYTOB+rSfyM4vSQ8ulVKrefu2mt5\nOqzm1aS0IZaegbGQhvXN+OtMQnJlQeXjLb63MP6pk13i2rQd024CvxjWxVw=\n-----END RSA PRIVATE KEY-----\n",
            "private_key_pem_pkcs8": "-----BEGIN PRIVATE KEY-----\nMIIJQgIBADANBgkqhkiG9w0BAQEFAASCCSwwggkoAgEAAoICAQDNYx3eeq4U2FvY\nlnfSHuX1tdOHJn3yA8oXHRtdJVGjIkVHW0HNDGo+VwY0rorTzis6xKAuIoiXYGP5\n2vGbLmw/iT+abPBXXZIzYSHXarb3LWae791AQfybi1heP+jidFHYuKp6YTGMuoXz\nEI1+tDs6ZsFA7BS8XIm+jnRoLCMlB5WrQvuj1f8W2IqCPHgB1kVyqIQWGYgGz1oz\nuIPF/bWuTY5zMLx5mxLtdAOuvrc+KHfwzMSk9UiFyoNKCYHjzK5DmQlixNwzPNVm\nEDwhUqxuxV7WmDNlJ/Gnz5wBZQi6xTsKlE1oPVBpAVHZIpC1mt0yuYY1xhwHOMV8\n1w51sSRlUjNZwzC8qTX42NQtdrvjoXrXtHCOJ2A2GgfUkXZnNdQ4KRqn11P8GjQy\nlM/W07BJdrYEdDWooj9s5vPxr0T0UzM0/4CQneTbndm+9JKluP2p/TqOS8U818U8\nfO5eabZVD19Fl8D5mp+ID+rZ3SjvinovCCyhD9IZ4U+CLo9EWqBxDPa3wcxBtx8E\nnPQEuk3yMqOp1nE6a1E2U3yoQT01riCDiYBSC8gde+jsV8fbdNVBOCQGkHNMu3S+\nxDAEs0eRgSWZDJOU5rxV1AxzxWj+7qk+D63PWnzLNsyFCRFAvBz42zqnXezCp+GW\nVl+PG/xANQCV+OxFLsklGEr2LxFWqQIDAQABAoICAA5jRiFiuLUvHugCSmyGy5c1\n4JaUJLiCeXK7EEKrLZfe+7lu9CIYH400bXPdUk5aH/8i7RGuS6FHGFnVc51qWBzv\nUWxQ+1kzbd15jXRYvm58WLcDmJ06wiZnUY5wrbDHc0BaV17xVhZErsODQlZA6/FA\nZ4NTxnQXi3K06gSuKtwaNurja1tjz1XbX4CWGdYPG5hXo8EkkrnfZrM+1sRU7JhE\nSJlbLajbKy1FNkjUhWOuVBCjV5cys5zjveS+28GIgiCsJNMtdTuFpHFc68lt0DSG\nUQl5aghJDw2xZn1WhZEH5gXss6t8uBhTBlfOqxJ9wcce5f74XNhIqtT+/71Q5nqu\nQdJhFmWlfYfKSaTFfeZnCkbVEm6U7xvlUHKoT+73JDmR9YoIdJd6H56usUKSOtKi\n7yteuPovtWy4IQMwx4+y7jdocSrE/ous/D3BhbeRsT/wjyBAHlHtuo+rCc9RCoGs\nHwTP3bdBmlOJz8+FWeQzvG77tqTGJNikN2Ex+FaiI/WregTIhC2FzvE9D1QljpdZ\nnH50X5+c9dymncf+EB1okgNnpJk9Y3wXIEIXylDAVDuIJbBKWk5c48lh4qhY+YJM\nAIrpqrMmTuUULcQFQGqI43ZEe/TFJi3xntxL4VRsqu5MYNt1jkgRtkNnXALbd1lK\n762pWRcH6C/D89peYse9AoIBAQD/hbk2vrNFPSnZOBKqjHusYm5dqoeF+s1Akseo\ncwUfbLuhIdAVu6h7mNOM/S8mqacNVthGSFILQy6r2fYfMMSrOIKILp7BmjMWCXqV\nDcrHEoFaPc1xL1fC6RBu8pK4EH/c1ZSBHOr4x4h1DZ4/WYQoy/z6ukjsZWzxpNri\n5FTqHEbtzBt1a/9F+eh9haRljkhYXkbKvi3Oa8mfhIVuCtXz++475sI/xCAmHjJp\nTGngF6NNPJvxhAwUXKMsj86KG2fD36GTKk6YGuWoKRBvTCyJFVJ5msIYfOi6eFiY\nEO+hRSSTdsKQwzUa0ETeatFHIGMdER0dhoZ1/1Y3TMRrZwErAoIBAQDNxWbXO9n/\n7SOK7tniSPNdKe15RmhcC93QID02fQnsvW4++XTkTKmQRVenFIzT0FSVGXQ6nw3z\nSrspN5L3XNEAeiYFwhGirDQD/59xyEP59VPrBvfgaJ0z1gQm4djOX+yVB4x1rzPc\n6w+ZyQdb7uTLbJSEy+zr2gkM4mROiZy4BmCwDTW5OWRKMpn50QGnn+J+qfn/tNWZ\nhiZ5D7BpWxvwYAavWWMTvWzEkfL4/5FUOc4S++mH+8JJaCpxbVgj09JxyA//XxSf\nl+/qmbdeHiwLPqcPAhYP7cHSGb2L9Gw0eTRItFhtYQAkDPZgLberzpscrUAI6Zlq\n7vahABKGUdV7AoIBAQD/Xsv+dJSCDGC4oRu2q3QmkrEul3Gea0uaz5cPOPTTtT3I\nCh0Gu2flLpWvAJKRF1jHMhYwF7M3YktQoSMjhP/pBy8dn0o2vz9zNMH4GbKhRlNU\ntxONnP0e5QLxfyk3H/ZJ5ILojtgfDnvIUHXpZjN4+nW4t1iOOcepsVK5E+3xk5Un\nr6d5sReM/fhnCpuEi7Ct8HrbwTnSZVM6Q51+nwG5N/2ejD9yrzZaIi/LoPznY3hn\nhr1roMbZysOhk4+d40nPLr8yb0PhLHB9oZy1PvH7hv3IXuzAwIVvZztTrwluqcWm\nQzisqQt34tIRX7wMU8f6ktIAYiQb5bZqyiQ8GtPFAoIBAGSd+BGa1JhOLqkK7kO2\nBDoz/Ejm4rTPoKDagtQYBDhc0IG+nSfdTLSdE6VBaTNRlWpqzei0SbADhM08vYJz\nQkeHcvwxz0nKBo1F+4M5t/OLwIMWHzL+NJBaQCF7IfaX9SlSTZ5mE2gdEL3UDOMp\nR3spFt5wkOMq9G32bbHxnE5n3/N2IiT2KVIWuC/twW9jwO7K0tH0bNXrQPjFcS+z\nO1AoxFwNy2Klp3/fFf4nibqzoU6rG6BAvNoEM2zPWN/7/dVhTGFE7uKy+r+udnlx\nK3w8IJg4Hu2fBr1jlMnQtPBbq/M5LFwfqF/4bqjM8hjyp+o31S4Ge9xMCRDk5ioD\n7e0CggEAKVrqeKs8pSzU2heH+OR27oMZBwuiZVH9Qm3OKwLgU6M8i4oiF4lI9wr2\nA0RCzORGtMP0rurvWBuLqZ8pNz5kZlNRsv4YYNUCHstl1zbGEhAzK7u2iAeyIO7t\nxTRGd1hDgPFF0WBQYsWs40l7yrRIWRgAijk+Elx/lL4OiViCVqpOF+zRKjahGDvT\nxs5MlJl9db/p5k8XBuZtMVfuomINufD4wO/OY1+fEVGSrnPJ848y+BnHQT8/aGgW\ndLH7F55BhM4H6tJ/Izi9JDy6VUqt5+7aa3k6rObVpLQhlp6BsZCG9c3460xCcmVB\n5eMtvrcw/qmTXeLatB3TbgK/GNbFXA==\n-----END PRIVATE KEY-----\n",
            "public_key_fingerprint_md5": "55:65:a4:7c:8b:65:55:d7:07:05:ec:f6:60:e0:79:86",
            "public_key_fingerprint_sha256": "SHA256:bhW7XyaMfyWZnIRe5ncWx4xviIhrEQtIDCPjvXYXlmo",
            "public_key_openssh": "ssh-rsa AAAAB3NzaC1yc2EAAAADAQABAAACAQDNYx3eeq4U2FvYlnfSHuX1tdOHJn3yA8oXHRtdJVGjIkVHW0HNDGo+VwY0rorTzis6xKAuIoiXYGP52vGbLmw/iT+abPBXXZIzYSHXarb3LWae791AQfybi1heP+jidFHYuKp6YTGMuoXzEI1+tDs6ZsFA7BS8XIm+jnRoLCMlB5WrQvuj1f8W2IqCPHgB1kVyqIQWGYgGz1ozuIPF/bWuTY5zMLx5mxLtdAOuvrc+KHfwzMSk9UiFyoNKCYHjzK5DmQlixNwzPNVmEDwhUqxuxV7WmDNlJ/Gnz5wBZQi6xTsKlE1oPVBpAVHZIpC1mt0yuYY1xhwHOMV81w51sSRlUjNZwzC8qTX42NQtdrvjoXrXtHCOJ2A2GgfUkXZnNdQ4KRqn11P8GjQylM/W07BJdrYEdDWooj9s5vPxr0T0UzM0/4CQneTbndm+9JKluP2p/TqOS8U818U8fO5eabZVD19Fl8D5mp+ID+rZ3SjvinovCCyhD9IZ4U+CLo9EWqBxDPa3wcxBtx8EnPQEuk3yMqOp1nE6a1E2U3yoQT01riCDiYBSC8gde+jsV8fbdNVBOCQGkHNMu3S+xDAEs0eRgSWZDJOU5rxV1AxzxWj+7qk+D63PWnzLNsyFCRFAvBz42zqnXezCp+GWVl+PG/xANQCV+OxFLsklGEr2LxFWqQ==\n",
            "public_key_pem": "-----BEGIN PUBLIC KEY-----\nMIICIjANBgkqhkiG9w0BAQEFAAOCAg8AMIICCgKCAgEAzWMd3nquFNhb2JZ30h7l\n9bXThyZ98gPKFx0bXSVRoyJFR1tBzQxqPlcGNK6K084rOsSgLiKIl2Bj+drxmy5s\nP4k/mmzwV12SM2Eh12q29y1mnu/dQEH8m4tYXj/o4nRR2LiqemExjLqF8xCNfrQ7\nOmbBQOwUvFyJvo50aCwjJQeVq0L7o9X/FtiKgjx4AdZFcqiEFhmIBs9aM7iDxf21\nrk2OczC8eZsS7XQDrr63Pih38MzEpPVIhcqDSgmB48yuQ5kJYsTcMzzVZhA8IVKs\nbsVe1pgzZSfxp8+cAWUIusU7CpRNaD1QaQFR2SKQtZrdMrmGNcYcBzjFfNcOdbEk\nZVIzWcMwvKk1+NjULXa746F617RwjidgNhoH1JF2ZzXUOCkap9dT/Bo0MpTP1tOw\nSXa2BHQ1qKI/bObz8a9E9FMzNP+AkJ3k253ZvvSSpbj9qf06jkvFPNfFPHzuXmm2\nVQ9fRZfA+ZqfiA/q2d0o74p6LwgsoQ/SGeFPgi6PRFqgcQz2t8HMQbcfBJz0BLpN\n8jKjqdZxOmtRNlN8qEE9Na4gg4mAUgvIHXvo7FfH23TVQTgkBpBzTLt0vsQwBLNH\nkYElmQyTlOa8VdQMc8Vo/u6pPg+tz1p8yzbMhQkRQLwc+Ns6p13swqfhllZfjxv8\nQDUAlfjsRS7JJRhK9i8RVqkCAwEAAQ==\n-----END PUBLIC KEY-----\n",
            "rsa_bits": 4096
          },
          "sensitive_attributes": [
            [
              {
                "type": "get_attr",
                "value": "private_key_openssh"
              }
            ],
            [
              {
                "type": "get_attr",
                "value": "private_key_pem"
              }
            ],
            [
              {
                "type": "get_attr",
                "value": "private_key_pem_pkcs8"
              }
            ]
          ],
          "identity_schema_version": 0,
          "create_before_destroy": true
        }
      ]
    }
  ],
  "check_results": null
}
